// !$*UTF8*$!
{
	archiveVersion = 1;
	classes = {
	};
	objectVersion = 46;
	objects = {

/* Begin PBXBuildFile section */
		0A1F6C60911D64971105E907 /* Pods_ListTests.framework in Frameworks */ = {isa = PBXBuildFile; fileRef = EB2AE10308BC56A482779D25 /* Pods_ListTests.framework */; };
		44B098DD1044D38E986C8A1C /* Pods_ListUITests.framework in Frameworks */ = {isa = PBXBuildFile; fileRef = C363AA237E9140B6E39D1CE1 /* Pods_ListUITests.framework */; };
		6984C36D24C5E519AB594017 /* Pods_List.framework in Frameworks */ = {isa = PBXBuildFile; fileRef = 2A7314EE1D05AF033ABF84E0 /* Pods_List.framework */; };
		79095C4821D5AFD400E87CB8 /* AppDelegate.swift in Sources */ = {isa = PBXBuildFile; fileRef = 79095C4721D5AFD400E87CB8 /* AppDelegate.swift */; };
		79095C4A21D5AFD400E87CB8 /* ViewController.swift in Sources */ = {isa = PBXBuildFile; fileRef = 79095C4921D5AFD400E87CB8 /* ViewController.swift */; };
		79095C4D21D5AFD400E87CB8 /* Main.storyboard in Resources */ = {isa = PBXBuildFile; fileRef = 79095C4B21D5AFD400E87CB8 /* Main.storyboard */; };
		79095C4F21D5AFD400E87CB8 /* Assets.xcassets in Resources */ = {isa = PBXBuildFile; fileRef = 79095C4E21D5AFD400E87CB8 /* Assets.xcassets */; };
		79095C5221D5AFD400E87CB8 /* LaunchScreen.storyboard in Resources */ = {isa = PBXBuildFile; fileRef = 79095C5021D5AFD400E87CB8 /* LaunchScreen.storyboard */; };
		79095C5D21D5AFD400E87CB8 /* ListTests.swift in Sources */ = {isa = PBXBuildFile; fileRef = 79095C5C21D5AFD400E87CB8 /* ListTests.swift */; };
		79095C6821D5AFD400E87CB8 /* ListUITests.swift in Sources */ = {isa = PBXBuildFile; fileRef = 79095C6721D5AFD400E87CB8 /* ListUITests.swift */; };
		791F7C8121DC4ACB001B281E /* ComicsRepository.swift in Sources */ = {isa = PBXBuildFile; fileRef = 791F7C8021DC4ACB001B281E /* ComicsRepository.swift */; };
		791F7C8321DC4C08001B281E /* ComicsViewModel.swift in Sources */ = {isa = PBXBuildFile; fileRef = 791F7C8221DC4C08001B281E /* ComicsViewModel.swift */; };
		791F7C8721DC4EFD001B281E /* Extensions.swift in Sources */ = {isa = PBXBuildFile; fileRef = 791F7C8621DC4EFD001B281E /* Extensions.swift */; };
		791F7C8921DC5329001B281E /* PlainTableViewCell.swift in Sources */ = {isa = PBXBuildFile; fileRef = 791F7C8821DC5329001B281E /* PlainTableViewCell.swift */; };
		79C3ECAA21D6D9E5002831BE /* ComicService.swift in Sources */ = {isa = PBXBuildFile; fileRef = 79C3ECA921D6D9E5002831BE /* ComicService.swift */; };
/* End PBXBuildFile section */

/* Begin PBXContainerItemProxy section */
		79095C5921D5AFD400E87CB8 /* PBXContainerItemProxy */ = {
			isa = PBXContainerItemProxy;
			containerPortal = 79095C3C21D5AFD400E87CB8 /* Project object */;
			proxyType = 1;
			remoteGlobalIDString = 79095C4321D5AFD400E87CB8;
			remoteInfo = List;
		};
		79095C6421D5AFD400E87CB8 /* PBXContainerItemProxy */ = {
			isa = PBXContainerItemProxy;
			containerPortal = 79095C3C21D5AFD400E87CB8 /* Project object */;
			proxyType = 1;
			remoteGlobalIDString = 79095C4321D5AFD400E87CB8;
			remoteInfo = List;
		};
/* End PBXContainerItemProxy section */

/* Begin PBXFileReference section */
		2A7314EE1D05AF033ABF84E0 /* Pods_List.framework */ = {isa = PBXFileReference; explicitFileType = wrapper.framework; includeInIndex = 0; path = Pods_List.framework; sourceTree = BUILT_PRODUCTS_DIR; };
		2E26656A4B2ADB02113FD3DC /* Pods-ListTests.release.xcconfig */ = {isa = PBXFileReference; includeInIndex = 1; lastKnownFileType = text.xcconfig; name = "Pods-ListTests.release.xcconfig"; path = "Pods/Target Support Files/Pods-ListTests/Pods-ListTests.release.xcconfig"; sourceTree = "<group>"; };
		65013EDFA25D79EDD8EADEAE /* Pods-List.release.xcconfig */ = {isa = PBXFileReference; includeInIndex = 1; lastKnownFileType = text.xcconfig; name = "Pods-List.release.xcconfig"; path = "Pods/Target Support Files/Pods-List/Pods-List.release.xcconfig"; sourceTree = "<group>"; };
		68A2354D9D1AC3F0ED1296CD /* Pods-ListTests.debug.xcconfig */ = {isa = PBXFileReference; includeInIndex = 1; lastKnownFileType = text.xcconfig; name = "Pods-ListTests.debug.xcconfig"; path = "Pods/Target Support Files/Pods-ListTests/Pods-ListTests.debug.xcconfig"; sourceTree = "<group>"; };
		7903A9A821DC2CFA00918931 /* RxAtomic.framework */ = {isa = PBXFileReference; explicitFileType = wrapper.framework; path = RxAtomic.framework; sourceTree = BUILT_PRODUCTS_DIR; };
		7903A9AA21DC2CFA00918931 /* RxCocoa.framework */ = {isa = PBXFileReference; explicitFileType = wrapper.framework; path = RxCocoa.framework; sourceTree = BUILT_PRODUCTS_DIR; };
		7903A9AC21DC2CFA00918931 /* RxOptional.framework */ = {isa = PBXFileReference; explicitFileType = wrapper.framework; path = RxOptional.framework; sourceTree = BUILT_PRODUCTS_DIR; };
		7903A9AE21DC2CFA00918931 /* RxSwift.framework */ = {isa = PBXFileReference; explicitFileType = wrapper.framework; path = RxSwift.framework; sourceTree = BUILT_PRODUCTS_DIR; };
		79095C4421D5AFD400E87CB8 /* List.app */ = {isa = PBXFileReference; explicitFileType = wrapper.application; includeInIndex = 0; path = List.app; sourceTree = BUILT_PRODUCTS_DIR; };
		79095C4721D5AFD400E87CB8 /* AppDelegate.swift */ = {isa = PBXFileReference; lastKnownFileType = sourcecode.swift; path = AppDelegate.swift; sourceTree = "<group>"; };
		79095C4921D5AFD400E87CB8 /* ViewController.swift */ = {isa = PBXFileReference; lastKnownFileType = sourcecode.swift; path = ViewController.swift; sourceTree = "<group>"; };
		79095C4C21D5AFD400E87CB8 /* Base */ = {isa = PBXFileReference; lastKnownFileType = file.storyboard; name = Base; path = Base.lproj/Main.storyboard; sourceTree = "<group>"; };
		79095C4E21D5AFD400E87CB8 /* Assets.xcassets */ = {isa = PBXFileReference; lastKnownFileType = folder.assetcatalog; path = Assets.xcassets; sourceTree = "<group>"; };
		79095C5121D5AFD400E87CB8 /* Base */ = {isa = PBXFileReference; lastKnownFileType = file.storyboard; name = Base; path = Base.lproj/LaunchScreen.storyboard; sourceTree = "<group>"; };
		79095C5321D5AFD400E87CB8 /* Info.plist */ = {isa = PBXFileReference; lastKnownFileType = text.plist.xml; path = Info.plist; sourceTree = "<group>"; };
		79095C5821D5AFD400E87CB8 /* ListTests.xctest */ = {isa = PBXFileReference; explicitFileType = wrapper.cfbundle; includeInIndex = 0; path = ListTests.xctest; sourceTree = BUILT_PRODUCTS_DIR; };
		79095C5C21D5AFD400E87CB8 /* ListTests.swift */ = {isa = PBXFileReference; lastKnownFileType = sourcecode.swift; path = ListTests.swift; sourceTree = "<group>"; };
		79095C5E21D5AFD400E87CB8 /* Info.plist */ = {isa = PBXFileReference; lastKnownFileType = text.plist.xml; path = Info.plist; sourceTree = "<group>"; };
		79095C6321D5AFD400E87CB8 /* ListUITests.xctest */ = {isa = PBXFileReference; explicitFileType = wrapper.cfbundle; includeInIndex = 0; path = ListUITests.xctest; sourceTree = BUILT_PRODUCTS_DIR; };
		79095C6721D5AFD400E87CB8 /* ListUITests.swift */ = {isa = PBXFileReference; lastKnownFileType = sourcecode.swift; path = ListUITests.swift; sourceTree = "<group>"; };
		79095C6921D5AFD400E87CB8 /* Info.plist */ = {isa = PBXFileReference; lastKnownFileType = text.plist.xml; path = Info.plist; sourceTree = "<group>"; };
		791F7C8021DC4ACB001B281E /* ComicsRepository.swift */ = {isa = PBXFileReference; lastKnownFileType = sourcecode.swift; path = ComicsRepository.swift; sourceTree = "<group>"; };
		791F7C8221DC4C08001B281E /* ComicsViewModel.swift */ = {isa = PBXFileReference; lastKnownFileType = sourcecode.swift; path = ComicsViewModel.swift; sourceTree = "<group>"; };
		791F7C8621DC4EFD001B281E /* Extensions.swift */ = {isa = PBXFileReference; lastKnownFileType = sourcecode.swift; path = Extensions.swift; sourceTree = "<group>"; };
		791F7C8821DC5329001B281E /* PlainTableViewCell.swift */ = {isa = PBXFileReference; lastKnownFileType = sourcecode.swift; path = PlainTableViewCell.swift; sourceTree = "<group>"; };
		79C3ECA921D6D9E5002831BE /* ComicService.swift */ = {isa = PBXFileReference; fileEncoding = 4; lastKnownFileType = sourcecode.swift; path = ComicService.swift; sourceTree = "<group>"; };
		9EA46948240C019A4271EA0F /* Pods-List.debug.xcconfig */ = {isa = PBXFileReference; includeInIndex = 1; lastKnownFileType = text.xcconfig; name = "Pods-List.debug.xcconfig"; path = "Pods/Target Support Files/Pods-List/Pods-List.debug.xcconfig"; sourceTree = "<group>"; };
		B890B4DC75594F91153F8DCB /* Pods-ListUITests.debug.xcconfig */ = {isa = PBXFileReference; includeInIndex = 1; lastKnownFileType = text.xcconfig; name = "Pods-ListUITests.debug.xcconfig"; path = "Pods/Target Support Files/Pods-ListUITests/Pods-ListUITests.debug.xcconfig"; sourceTree = "<group>"; };
		C363AA237E9140B6E39D1CE1 /* Pods_ListUITests.framework */ = {isa = PBXFileReference; explicitFileType = wrapper.framework; includeInIndex = 0; path = Pods_ListUITests.framework; sourceTree = BUILT_PRODUCTS_DIR; };
		EB2AE10308BC56A482779D25 /* Pods_ListTests.framework */ = {isa = PBXFileReference; explicitFileType = wrapper.framework; includeInIndex = 0; path = Pods_ListTests.framework; sourceTree = BUILT_PRODUCTS_DIR; };
		F69698EFC43517DBB1FD1F22 /* Pods-ListUITests.release.xcconfig */ = {isa = PBXFileReference; includeInIndex = 1; lastKnownFileType = text.xcconfig; name = "Pods-ListUITests.release.xcconfig"; path = "Pods/Target Support Files/Pods-ListUITests/Pods-ListUITests.release.xcconfig"; sourceTree = "<group>"; };
/* End PBXFileReference section */

/* Begin PBXFrameworksBuildPhase section */
		79095C4121D5AFD400E87CB8 /* Frameworks */ = {
			isa = PBXFrameworksBuildPhase;
			buildActionMask = 2147483647;
			files = (
				6984C36D24C5E519AB594017 /* Pods_List.framework in Frameworks */,
			);
			runOnlyForDeploymentPostprocessing = 0;
		};
		79095C5521D5AFD400E87CB8 /* Frameworks */ = {
			isa = PBXFrameworksBuildPhase;
			buildActionMask = 2147483647;
			files = (
				0A1F6C60911D64971105E907 /* Pods_ListTests.framework in Frameworks */,
			);
			runOnlyForDeploymentPostprocessing = 0;
		};
		79095C6021D5AFD400E87CB8 /* Frameworks */ = {
			isa = PBXFrameworksBuildPhase;
			buildActionMask = 2147483647;
			files = (
				44B098DD1044D38E986C8A1C /* Pods_ListUITests.framework in Frameworks */,
			);
			runOnlyForDeploymentPostprocessing = 0;
		};
/* End PBXFrameworksBuildPhase section */

/* Begin PBXGroup section */
		043677F49A6989E624A8C94A /* Pods */ = {
			isa = PBXGroup;
			children = (
				9EA46948240C019A4271EA0F /* Pods-List.debug.xcconfig */,
				65013EDFA25D79EDD8EADEAE /* Pods-List.release.xcconfig */,
				68A2354D9D1AC3F0ED1296CD /* Pods-ListTests.debug.xcconfig */,
				2E26656A4B2ADB02113FD3DC /* Pods-ListTests.release.xcconfig */,
				B890B4DC75594F91153F8DCB /* Pods-ListUITests.debug.xcconfig */,
				F69698EFC43517DBB1FD1F22 /* Pods-ListUITests.release.xcconfig */,
			);
			name = Pods;
			sourceTree = "<group>";
		};
		79095C3B21D5AFD400E87CB8 = {
			isa = PBXGroup;
			children = (
				79095C4621D5AFD400E87CB8 /* List */,
				79095C5B21D5AFD400E87CB8 /* ListTests */,
				79095C6621D5AFD400E87CB8 /* ListUITests */,
				79095C4521D5AFD400E87CB8 /* Products */,
				B8178F477BBE76162658B048 /* Frameworks */,
				043677F49A6989E624A8C94A /* Pods */,
			);
			sourceTree = "<group>";
		};
		79095C4521D5AFD400E87CB8 /* Products */ = {
			isa = PBXGroup;
			children = (
				79095C4421D5AFD400E87CB8 /* List.app */,
				79095C5821D5AFD400E87CB8 /* ListTests.xctest */,
				79095C6321D5AFD400E87CB8 /* ListUITests.xctest */,
			);
			name = Products;
			sourceTree = "<group>";
		};
		79095C4621D5AFD400E87CB8 /* List */ = {
			isa = PBXGroup;
			children = (
				79095C4721D5AFD400E87CB8 /* AppDelegate.swift */,
				79095C4921D5AFD400E87CB8 /* ViewController.swift */,
				79095C4B21D5AFD400E87CB8 /* Main.storyboard */,
				79095C4E21D5AFD400E87CB8 /* Assets.xcassets */,
				79095C5021D5AFD400E87CB8 /* LaunchScreen.storyboard */,
				79095C5321D5AFD400E87CB8 /* Info.plist */,
				79C3ECA921D6D9E5002831BE /* ComicService.swift */,
				791F7C8021DC4ACB001B281E /* ComicsRepository.swift */,
				791F7C8221DC4C08001B281E /* ComicsViewModel.swift */,
				791F7C8621DC4EFD001B281E /* Extensions.swift */,
				791F7C8821DC5329001B281E /* PlainTableViewCell.swift */,
			);
			path = List;
			sourceTree = "<group>";
		};
		79095C5B21D5AFD400E87CB8 /* ListTests */ = {
			isa = PBXGroup;
			children = (
				79095C5C21D5AFD400E87CB8 /* ListTests.swift */,
				79095C5E21D5AFD400E87CB8 /* Info.plist */,
			);
			path = ListTests;
			sourceTree = "<group>";
		};
		79095C6621D5AFD400E87CB8 /* ListUITests */ = {
			isa = PBXGroup;
			children = (
				79095C6721D5AFD400E87CB8 /* ListUITests.swift */,
				79095C6921D5AFD400E87CB8 /* Info.plist */,
			);
			path = ListUITests;
			sourceTree = "<group>";
		};
		B8178F477BBE76162658B048 /* Frameworks */ = {
			isa = PBXGroup;
			children = (
				7903A9A821DC2CFA00918931 /* RxAtomic.framework */,
				7903A9AA21DC2CFA00918931 /* RxCocoa.framework */,
				7903A9AC21DC2CFA00918931 /* RxOptional.framework */,
				7903A9AE21DC2CFA00918931 /* RxSwift.framework */,
				2A7314EE1D05AF033ABF84E0 /* Pods_List.framework */,
				EB2AE10308BC56A482779D25 /* Pods_ListTests.framework */,
				C363AA237E9140B6E39D1CE1 /* Pods_ListUITests.framework */,
			);
			name = Frameworks;
			sourceTree = "<group>";
		};
/* End PBXGroup section */

/* Begin PBXNativeTarget section */
		79095C4321D5AFD400E87CB8 /* List */ = {
			isa = PBXNativeTarget;
			buildConfigurationList = 79095C6C21D5AFD400E87CB8 /* Build configuration list for PBXNativeTarget "List" */;
			buildPhases = (
				A4129381DA73D37CD4D96718 /* [CP] Check Pods Manifest.lock */,
				79095C4021D5AFD400E87CB8 /* Sources */,
				79095C4121D5AFD400E87CB8 /* Frameworks */,
				79095C4221D5AFD400E87CB8 /* Resources */,
				3D2D069CFD23A625C78B4278 /* [CP] Embed Pods Frameworks */,
			);
			buildRules = (
			);
			dependencies = (
			);
			name = List;
			productName = List;
			productReference = 79095C4421D5AFD400E87CB8 /* List.app */;
			productType = "com.apple.product-type.application";
		};
		79095C5721D5AFD400E87CB8 /* ListTests */ = {
			isa = PBXNativeTarget;
			buildConfigurationList = 79095C6F21D5AFD400E87CB8 /* Build configuration list for PBXNativeTarget "ListTests" */;
			buildPhases = (
				A1EC115B621C68461D9854E5 /* [CP] Check Pods Manifest.lock */,
				79095C5421D5AFD400E87CB8 /* Sources */,
				79095C5521D5AFD400E87CB8 /* Frameworks */,
				79095C5621D5AFD400E87CB8 /* Resources */,
			);
			buildRules = (
			);
			dependencies = (
				79095C5A21D5AFD400E87CB8 /* PBXTargetDependency */,
			);
			name = ListTests;
			productName = ListTests;
			productReference = 79095C5821D5AFD400E87CB8 /* ListTests.xctest */;
			productType = "com.apple.product-type.bundle.unit-test";
		};
		79095C6221D5AFD400E87CB8 /* ListUITests */ = {
			isa = PBXNativeTarget;
			buildConfigurationList = 79095C7221D5AFD400E87CB8 /* Build configuration list for PBXNativeTarget "ListUITests" */;
			buildPhases = (
				3CEFFE00BAF455690584D5ED /* [CP] Check Pods Manifest.lock */,
				79095C5F21D5AFD400E87CB8 /* Sources */,
				79095C6021D5AFD400E87CB8 /* Frameworks */,
				79095C6121D5AFD400E87CB8 /* Resources */,
			);
			buildRules = (
			);
			dependencies = (
				79095C6521D5AFD400E87CB8 /* PBXTargetDependency */,
			);
			name = ListUITests;
			productName = ListUITests;
			productReference = 79095C6321D5AFD400E87CB8 /* ListUITests.xctest */;
			productType = "com.apple.product-type.bundle.ui-testing";
		};
/* End PBXNativeTarget section */

/* Begin PBXProject section */
		79095C3C21D5AFD400E87CB8 /* Project object */ = {
			isa = PBXProject;
			attributes = {
				LastSwiftUpdateCheck = 0830;
				LastUpgradeCheck = 1010;
				ORGANIZATIONNAME = "Emmanuel Ortiguela";
				TargetAttributes = {
					79095C4321D5AFD400E87CB8 = {
						CreatedOnToolsVersion = 8.3.3;
						DevelopmentTeam = 3T7784ARRC;
						ProvisioningStyle = Automatic;
					};
					79095C5721D5AFD400E87CB8 = {
						CreatedOnToolsVersion = 8.3.3;
						DevelopmentTeam = 3T7784ARRC;
						ProvisioningStyle = Automatic;
						TestTargetID = 79095C4321D5AFD400E87CB8;
					};
					79095C6221D5AFD400E87CB8 = {
						CreatedOnToolsVersion = 8.3.3;
						DevelopmentTeam = 3T7784ARRC;
						ProvisioningStyle = Automatic;
						TestTargetID = 79095C4321D5AFD400E87CB8;
					};
				};
			};
			buildConfigurationList = 79095C3F21D5AFD400E87CB8 /* Build configuration list for PBXProject "List" */;
			compatibilityVersion = "Xcode 3.2";
			developmentRegion = English;
			hasScannedForEncodings = 0;
			knownRegions = (
				en,
				Base,
			);
			mainGroup = 79095C3B21D5AFD400E87CB8;
			productRefGroup = 79095C4521D5AFD400E87CB8 /* Products */;
			projectDirPath = "";
			projectRoot = "";
			targets = (
				79095C4321D5AFD400E87CB8 /* List */,
				79095C5721D5AFD400E87CB8 /* ListTests */,
				79095C6221D5AFD400E87CB8 /* ListUITests */,
			);
		};
/* End PBXProject section */

/* Begin PBXResourcesBuildPhase section */
		79095C4221D5AFD400E87CB8 /* Resources */ = {
			isa = PBXResourcesBuildPhase;
			buildActionMask = 2147483647;
			files = (
				79095C5221D5AFD400E87CB8 /* LaunchScreen.storyboard in Resources */,
				79095C4F21D5AFD400E87CB8 /* Assets.xcassets in Resources */,
				79095C4D21D5AFD400E87CB8 /* Main.storyboard in Resources */,
			);
			runOnlyForDeploymentPostprocessing = 0;
		};
		79095C5621D5AFD400E87CB8 /* Resources */ = {
			isa = PBXResourcesBuildPhase;
			buildActionMask = 2147483647;
			files = (
			);
			runOnlyForDeploymentPostprocessing = 0;
		};
		79095C6121D5AFD400E87CB8 /* Resources */ = {
			isa = PBXResourcesBuildPhase;
			buildActionMask = 2147483647;
			files = (
			);
			runOnlyForDeploymentPostprocessing = 0;
		};
/* End PBXResourcesBuildPhase section */

/* Begin PBXShellScriptBuildPhase section */
		3CEFFE00BAF455690584D5ED /* [CP] Check Pods Manifest.lock */ = {
			isa = PBXShellScriptBuildPhase;
			buildActionMask = 2147483647;
			files = (
			);
			inputFileListPaths = (
			);
			inputPaths = (
				"${PODS_PODFILE_DIR_PATH}/Podfile.lock",
				"${PODS_ROOT}/Manifest.lock",
			);
			name = "[CP] Check Pods Manifest.lock";
			outputFileListPaths = (
			);
			outputPaths = (
				"$(DERIVED_FILE_DIR)/Pods-ListUITests-checkManifestLockResult.txt",
			);
			runOnlyForDeploymentPostprocessing = 0;
			shellPath = /bin/sh;
			shellScript = "diff \"${PODS_PODFILE_DIR_PATH}/Podfile.lock\" \"${PODS_ROOT}/Manifest.lock\" > /dev/null\nif [ $? != 0 ] ; then\n    # print error to STDERR\n    echo \"error: The sandbox is not in sync with the Podfile.lock. Run 'pod install' or update your CocoaPods installation.\" >&2\n    exit 1\nfi\n# This output is used by Xcode 'outputs' to avoid re-running this script phase.\necho \"SUCCESS\" > \"${SCRIPT_OUTPUT_FILE_0}\"\n";
			showEnvVarsInLog = 0;
		};
		3D2D069CFD23A625C78B4278 /* [CP] Embed Pods Frameworks */ = {
			isa = PBXShellScriptBuildPhase;
			buildActionMask = 2147483647;
			files = (
			);
			inputFileListPaths = (
			);
			inputPaths = (
				"${SRCROOT}/Pods/Target Support Files/Pods-List/Pods-List-frameworks.sh",
				"${BUILT_PRODUCTS_DIR}/RxAtomic/RxAtomic.framework",
				"${BUILT_PRODUCTS_DIR}/RxCocoa/RxCocoa.framework",
				"${BUILT_PRODUCTS_DIR}/RxOptional/RxOptional.framework",
				"${BUILT_PRODUCTS_DIR}/RxSwift/RxSwift.framework",
			);
			name = "[CP] Embed Pods Frameworks";
			outputFileListPaths = (
			);
			outputPaths = (
				"${TARGET_BUILD_DIR}/${FRAMEWORKS_FOLDER_PATH}/RxAtomic.framework",
				"${TARGET_BUILD_DIR}/${FRAMEWORKS_FOLDER_PATH}/RxCocoa.framework",
				"${TARGET_BUILD_DIR}/${FRAMEWORKS_FOLDER_PATH}/RxOptional.framework",
				"${TARGET_BUILD_DIR}/${FRAMEWORKS_FOLDER_PATH}/RxSwift.framework",
			);
			runOnlyForDeploymentPostprocessing = 0;
			shellPath = /bin/sh;
			shellScript = "\"${SRCROOT}/Pods/Target Support Files/Pods-List/Pods-List-frameworks.sh\"\n";
			showEnvVarsInLog = 0;
		};
		A1EC115B621C68461D9854E5 /* [CP] Check Pods Manifest.lock */ = {
			isa = PBXShellScriptBuildPhase;
			buildActionMask = 2147483647;
			files = (
			);
			inputFileListPaths = (
			);
			inputPaths = (
				"${PODS_PODFILE_DIR_PATH}/Podfile.lock",
				"${PODS_ROOT}/Manifest.lock",
			);
			name = "[CP] Check Pods Manifest.lock";
			outputFileListPaths = (
			);
			outputPaths = (
				"$(DERIVED_FILE_DIR)/Pods-ListTests-checkManifestLockResult.txt",
			);
			runOnlyForDeploymentPostprocessing = 0;
			shellPath = /bin/sh;
			shellScript = "diff \"${PODS_PODFILE_DIR_PATH}/Podfile.lock\" \"${PODS_ROOT}/Manifest.lock\" > /dev/null\nif [ $? != 0 ] ; then\n    # print error to STDERR\n    echo \"error: The sandbox is not in sync with the Podfile.lock. Run 'pod install' or update your CocoaPods installation.\" >&2\n    exit 1\nfi\n# This output is used by Xcode 'outputs' to avoid re-running this script phase.\necho \"SUCCESS\" > \"${SCRIPT_OUTPUT_FILE_0}\"\n";
			showEnvVarsInLog = 0;
		};
		A4129381DA73D37CD4D96718 /* [CP] Check Pods Manifest.lock */ = {
			isa = PBXShellScriptBuildPhase;
			buildActionMask = 2147483647;
			files = (
			);
			inputFileListPaths = (
			);
			inputPaths = (
				"${PODS_PODFILE_DIR_PATH}/Podfile.lock",
				"${PODS_ROOT}/Manifest.lock",
			);
			name = "[CP] Check Pods Manifest.lock";
			outputFileListPaths = (
			);
			outputPaths = (
				"$(DERIVED_FILE_DIR)/Pods-List-checkManifestLockResult.txt",
			);
			runOnlyForDeploymentPostprocessing = 0;
			shellPath = /bin/sh;
			shellScript = "diff \"${PODS_PODFILE_DIR_PATH}/Podfile.lock\" \"${PODS_ROOT}/Manifest.lock\" > /dev/null\nif [ $? != 0 ] ; then\n    # print error to STDERR\n    echo \"error: The sandbox is not in sync with the Podfile.lock. Run 'pod install' or update your CocoaPods installation.\" >&2\n    exit 1\nfi\n# This output is used by Xcode 'outputs' to avoid re-running this script phase.\necho \"SUCCESS\" > \"${SCRIPT_OUTPUT_FILE_0}\"\n";
			showEnvVarsInLog = 0;
		};
/* End PBXShellScriptBuildPhase section */

/* Begin PBXSourcesBuildPhase section */
		79095C4021D5AFD400E87CB8 /* Sources */ = {
			isa = PBXSourcesBuildPhase;
			buildActionMask = 2147483647;
			files = (
				791F7C8321DC4C08001B281E /* ComicsViewModel.swift in Sources */,
				791F7C8121DC4ACB001B281E /* ComicsRepository.swift in Sources */,
				79095C4A21D5AFD400E87CB8 /* ViewController.swift in Sources */,
				791F7C8921DC5329001B281E /* PlainTableViewCell.swift in Sources */,
				79C3ECAA21D6D9E5002831BE /* ComicService.swift in Sources */,
				79095C4821D5AFD400E87CB8 /* AppDelegate.swift in Sources */,
				791F7C8721DC4EFD001B281E /* Extensions.swift in Sources */,
			);
			runOnlyForDeploymentPostprocessing = 0;
		};
		79095C5421D5AFD400E87CB8 /* Sources */ = {
			isa = PBXSourcesBuildPhase;
			buildActionMask = 2147483647;
			files = (
				79095C5D21D5AFD400E87CB8 /* ListTests.swift in Sources */,
			);
			runOnlyForDeploymentPostprocessing = 0;
		};
		79095C5F21D5AFD400E87CB8 /* Sources */ = {
			isa = PBXSourcesBuildPhase;
			buildActionMask = 2147483647;
			files = (
				79095C6821D5AFD400E87CB8 /* ListUITests.swift in Sources */,
			);
			runOnlyForDeploymentPostprocessing = 0;
		};
/* End PBXSourcesBuildPhase section */

/* Begin PBXTargetDependency section */
		79095C5A21D5AFD400E87CB8 /* PBXTargetDependency */ = {
			isa = PBXTargetDependency;
			target = 79095C4321D5AFD400E87CB8 /* List */;
			targetProxy = 79095C5921D5AFD400E87CB8 /* PBXContainerItemProxy */;
		};
		79095C6521D5AFD400E87CB8 /* PBXTargetDependency */ = {
			isa = PBXTargetDependency;
			target = 79095C4321D5AFD400E87CB8 /* List */;
			targetProxy = 79095C6421D5AFD400E87CB8 /* PBXContainerItemProxy */;
		};
/* End PBXTargetDependency section */

/* Begin PBXVariantGroup section */
		79095C4B21D5AFD400E87CB8 /* Main.storyboard */ = {
			isa = PBXVariantGroup;
			children = (
				79095C4C21D5AFD400E87CB8 /* Base */,
			);
			name = Main.storyboard;
			sourceTree = "<group>";
		};
		79095C5021D5AFD400E87CB8 /* LaunchScreen.storyboard */ = {
			isa = PBXVariantGroup;
			children = (
				79095C5121D5AFD400E87CB8 /* Base */,
			);
			name = LaunchScreen.storyboard;
			sourceTree = "<group>";
		};
/* End PBXVariantGroup section */

/* Begin XCBuildConfiguration section */
		79095C6A21D5AFD400E87CB8 /* Debug */ = {
			isa = XCBuildConfiguration;
			buildSettings = {
				ALWAYS_SEARCH_USER_PATHS = NO;
				CLANG_ANALYZER_NONNULL = YES;
				CLANG_ANALYZER_NUMBER_OBJECT_CONVERSION = YES_AGGRESSIVE;
				CLANG_CXX_LANGUAGE_STANDARD = "gnu++0x";
				CLANG_CXX_LIBRARY = "libc++";
				CLANG_ENABLE_MODULES = YES;
				CLANG_ENABLE_OBJC_ARC = YES;
				CLANG_WARN_BLOCK_CAPTURE_AUTORELEASING = YES;
				CLANG_WARN_BOOL_CONVERSION = YES;
				CLANG_WARN_COMMA = YES;
				CLANG_WARN_CONSTANT_CONVERSION = YES;
				CLANG_WARN_DEPRECATED_OBJC_IMPLEMENTATIONS = YES;
				CLANG_WARN_DIRECT_OBJC_ISA_USAGE = YES_ERROR;
				CLANG_WARN_DOCUMENTATION_COMMENTS = YES;
				CLANG_WARN_EMPTY_BODY = YES;
				CLANG_WARN_ENUM_CONVERSION = YES;
				CLANG_WARN_INFINITE_RECURSION = YES;
				CLANG_WARN_INT_CONVERSION = YES;
				CLANG_WARN_NON_LITERAL_NULL_CONVERSION = YES;
				CLANG_WARN_OBJC_IMPLICIT_RETAIN_SELF = YES;
				CLANG_WARN_OBJC_LITERAL_CONVERSION = YES;
				CLANG_WARN_OBJC_ROOT_CLASS = YES_ERROR;
				CLANG_WARN_RANGE_LOOP_ANALYSIS = YES;
				CLANG_WARN_STRICT_PROTOTYPES = YES;
				CLANG_WARN_SUSPICIOUS_MOVE = YES;
				CLANG_WARN_UNREACHABLE_CODE = YES;
				CLANG_WARN__DUPLICATE_METHOD_MATCH = YES;
				"CODE_SIGN_IDENTITY[sdk=iphoneos*]" = "iPhone Developer";
				COPY_PHASE_STRIP = NO;
				DEBUG_INFORMATION_FORMAT = dwarf;
				ENABLE_STRICT_OBJC_MSGSEND = YES;
				ENABLE_TESTABILITY = YES;
				GCC_C_LANGUAGE_STANDARD = gnu99;
				GCC_DYNAMIC_NO_PIC = NO;
				GCC_NO_COMMON_BLOCKS = YES;
				GCC_OPTIMIZATION_LEVEL = 0;
				GCC_PREPROCESSOR_DEFINITIONS = (
					"DEBUG=1",
					"$(inherited)",
				);
				GCC_WARN_64_TO_32_BIT_CONVERSION = YES;
				GCC_WARN_ABOUT_RETURN_TYPE = YES_ERROR;
				GCC_WARN_UNDECLARED_SELECTOR = YES;
				GCC_WARN_UNINITIALIZED_AUTOS = YES_AGGRESSIVE;
				GCC_WARN_UNUSED_FUNCTION = YES;
				GCC_WARN_UNUSED_VARIABLE = YES;
				IPHONEOS_DEPLOYMENT_TARGET = 12.1;
				MTL_ENABLE_DEBUG_INFO = YES;
				ONLY_ACTIVE_ARCH = YES;
				SDKROOT = iphoneos;
				SWIFT_ACTIVE_COMPILATION_CONDITIONS = DEBUG;
				SWIFT_OPTIMIZATION_LEVEL = "-Onone";
				SWIFT_VERSION = 4.2;
				TARGETED_DEVICE_FAMILY = "1,2";
			};
			name = Debug;
		};
		79095C6B21D5AFD400E87CB8 /* Release */ = {
			isa = XCBuildConfiguration;
			buildSettings = {
				ALWAYS_SEARCH_USER_PATHS = NO;
				CLANG_ANALYZER_NONNULL = YES;
				CLANG_ANALYZER_NUMBER_OBJECT_CONVERSION = YES_AGGRESSIVE;
				CLANG_CXX_LANGUAGE_STANDARD = "gnu++0x";
				CLANG_CXX_LIBRARY = "libc++";
				CLANG_ENABLE_MODULES = YES;
				CLANG_ENABLE_OBJC_ARC = YES;
				CLANG_WARN_BLOCK_CAPTURE_AUTORELEASING = YES;
				CLANG_WARN_BOOL_CONVERSION = YES;
				CLANG_WARN_COMMA = YES;
				CLANG_WARN_CONSTANT_CONVERSION = YES;
				CLANG_WARN_DEPRECATED_OBJC_IMPLEMENTATIONS = YES;
				CLANG_WARN_DIRECT_OBJC_ISA_USAGE = YES_ERROR;
				CLANG_WARN_DOCUMENTATION_COMMENTS = YES;
				CLANG_WARN_EMPTY_BODY = YES;
				CLANG_WARN_ENUM_CONVERSION = YES;
				CLANG_WARN_INFINITE_RECURSION = YES;
				CLANG_WARN_INT_CONVERSION = YES;
				CLANG_WARN_NON_LITERAL_NULL_CONVERSION = YES;
				CLANG_WARN_OBJC_IMPLICIT_RETAIN_SELF = YES;
				CLANG_WARN_OBJC_LITERAL_CONVERSION = YES;
				CLANG_WARN_OBJC_ROOT_CLASS = YES_ERROR;
				CLANG_WARN_RANGE_LOOP_ANALYSIS = YES;
				CLANG_WARN_STRICT_PROTOTYPES = YES;
				CLANG_WARN_SUSPICIOUS_MOVE = YES;
				CLANG_WARN_UNREACHABLE_CODE = YES;
				CLANG_WARN__DUPLICATE_METHOD_MATCH = YES;
				"CODE_SIGN_IDENTITY[sdk=iphoneos*]" = "iPhone Developer";
				COPY_PHASE_STRIP = NO;
				DEBUG_INFORMATION_FORMAT = "dwarf-with-dsym";
				ENABLE_NS_ASSERTIONS = NO;
				ENABLE_STRICT_OBJC_MSGSEND = YES;
				GCC_C_LANGUAGE_STANDARD = gnu99;
				GCC_NO_COMMON_BLOCKS = YES;
				GCC_WARN_64_TO_32_BIT_CONVERSION = YES;
				GCC_WARN_ABOUT_RETURN_TYPE = YES_ERROR;
				GCC_WARN_UNDECLARED_SELECTOR = YES;
				GCC_WARN_UNINITIALIZED_AUTOS = YES_AGGRESSIVE;
				GCC_WARN_UNUSED_FUNCTION = YES;
				GCC_WARN_UNUSED_VARIABLE = YES;
				IPHONEOS_DEPLOYMENT_TARGET = 12.1;
				MTL_ENABLE_DEBUG_INFO = NO;
				SDKROOT = iphoneos;
				SWIFT_OPTIMIZATION_LEVEL = "-Owholemodule";
				SWIFT_VERSION = 4.2;
				TARGETED_DEVICE_FAMILY = "1,2";
				VALIDATE_PRODUCT = YES;
			};
			name = Release;
		};
		79095C6D21D5AFD400E87CB8 /* Debug */ = {
			isa = XCBuildConfiguration;
			baseConfigurationReference = 9EA46948240C019A4271EA0F /* Pods-List.debug.xcconfig */;
			buildSettings = {
				ASSETCATALOG_COMPILER_APPICON_NAME = AppIcon;
				DEVELOPMENT_TEAM = 3T7784ARRC;
				FRAMEWORK_SEARCH_PATHS = "${inherited}";
				INFOPLIST_FILE = List/Info.plist;
				IPHONEOS_DEPLOYMENT_TARGET = 12.1;
				LD_RUNPATH_SEARCH_PATHS = "$(inherited) @executable_path/Frameworks";
				LIBRARY_SEARCH_PATHS = "${inherited}";
				PRODUCT_BUNDLE_IDENTIFIER = me.emmano.List;
				PRODUCT_NAME = "$(TARGET_NAME)";
				SWIFT_VERSION = 4.2;
			};
			name = Debug;
		};
		79095C6E21D5AFD400E87CB8 /* Release */ = {
			isa = XCBuildConfiguration;
			baseConfigurationReference = 65013EDFA25D79EDD8EADEAE /* Pods-List.release.xcconfig */;
			buildSettings = {
				ASSETCATALOG_COMPILER_APPICON_NAME = AppIcon;
				DEVELOPMENT_TEAM = 3T7784ARRC;
				FRAMEWORK_SEARCH_PATHS = "${inherited}";
				INFOPLIST_FILE = List/Info.plist;
				IPHONEOS_DEPLOYMENT_TARGET = 12.1;
				LD_RUNPATH_SEARCH_PATHS = "$(inherited) @executable_path/Frameworks";
				LIBRARY_SEARCH_PATHS = "${inherited}";
				PRODUCT_BUNDLE_IDENTIFIER = me.emmano.List;
				PRODUCT_NAME = "$(TARGET_NAME)";
				SWIFT_VERSION = 4.2;
			};
			name = Release;
		};
		79095C7021D5AFD400E87CB8 /* Debug */ = {
			isa = XCBuildConfiguration;
			baseConfigurationReference = 68A2354D9D1AC3F0ED1296CD /* Pods-ListTests.debug.xcconfig */;
			buildSettings = {
				ALWAYS_EMBED_SWIFT_STANDARD_LIBRARIES = YES;
				BUNDLE_LOADER = "$(TEST_HOST)";
				DEVELOPMENT_TEAM = 3T7784ARRC;
				FRAMEWORK_SEARCH_PATHS = "";
				INFOPLIST_FILE = ListTests/Info.plist;
				LD_RUNPATH_SEARCH_PATHS = "$(inherited) @executable_path/Frameworks @loader_path/Frameworks";
				PRODUCT_BUNDLE_IDENTIFIER = me.emmano.ListTests;
				PRODUCT_NAME = "$(TARGET_NAME)";
				SWIFT_VERSION = 4.2;
				TEST_HOST = "$(BUILT_PRODUCTS_DIR)/List.app/List";
			};
			name = Debug;
		};
		79095C7121D5AFD400E87CB8 /* Release */ = {
			isa = XCBuildConfiguration;
			baseConfigurationReference = 2E26656A4B2ADB02113FD3DC /* Pods-ListTests.release.xcconfig */;
			buildSettings = {
				ALWAYS_EMBED_SWIFT_STANDARD_LIBRARIES = YES;
				BUNDLE_LOADER = "$(TEST_HOST)";
				DEVELOPMENT_TEAM = 3T7784ARRC;
				FRAMEWORK_SEARCH_PATHS = "";
				INFOPLIST_FILE = ListTests/Info.plist;
				LD_RUNPATH_SEARCH_PATHS = "$(inherited) @executable_path/Frameworks @loader_path/Frameworks";
				PRODUCT_BUNDLE_IDENTIFIER = me.emmano.ListTests;
				PRODUCT_NAME = "$(TARGET_NAME)";
				SWIFT_VERSION = 4.2;
				TEST_HOST = "$(BUILT_PRODUCTS_DIR)/List.app/List";
			};
			name = Release;
		};
		79095C7321D5AFD400E87CB8 /* Debug */ = {
			isa = XCBuildConfiguration;
			baseConfigurationReference = B890B4DC75594F91153F8DCB /* Pods-ListUITests.debug.xcconfig */;
			buildSettings = {
				ALWAYS_EMBED_SWIFT_STANDARD_LIBRARIES = YES;
				DEVELOPMENT_TEAM = 3T7784ARRC;
				FRAMEWORK_SEARCH_PATHS = "";
				INFOPLIST_FILE = ListUITests/Info.plist;
				LD_RUNPATH_SEARCH_PATHS = "$(inherited) @executable_path/Frameworks @loader_path/Frameworks";
				PRODUCT_BUNDLE_IDENTIFIER = me.emmano.ListUITests;
				PRODUCT_NAME = "$(TARGET_NAME)";
				SWIFT_VERSION = 4.2;
				TEST_TARGET_NAME = List;
			};
			name = Debug;
		};
		79095C7421D5AFD400E87CB8 /* Release */ = {
			isa = XCBuildConfiguration;
			baseConfigurationReference = F69698EFC43517DBB1FD1F22 /* Pods-ListUITests.release.xcconfig */;
			buildSettings = {
				ALWAYS_EMBED_SWIFT_STANDARD_LIBRARIES = YES;
				DEVELOPMENT_TEAM = 3T7784ARRC;
				FRAMEWORK_SEARCH_PATHS = "";
				INFOPLIST_FILE = ListUITests/Info.plist;
				LD_RUNPATH_SEARCH_PATHS = "$(inherited) @executable_path/Frameworks @loader_path/Frameworks";
				PRODUCT_BUNDLE_IDENTIFIER = me.emmano.ListUITests;
				PRODUCT_NAME = "$(TARGET_NAME)";
				SWIFT_VERSION = 4.2;
				TEST_TARGET_NAME = List;
			};
			name = Release;
		};
/* End XCBuildConfiguration section */

/* Begin XCConfigurationList section */
		79095C3F21D5AFD400E87CB8 /* Build configuration list for PBXProject "List" */ = {
			isa = XCConfigurationList;
			buildConfigurations = (
				79095C6A21D5AFD400E87CB8 /* Debug */,
				79095C6B21D5AFD400E87CB8 /* Release */,
			);
			defaultConfigurationIsVisible = 0;
			defaultConfigurationName = Release;
		};
		79095C6C21D5AFD400E87CB8 /* Build configuration list for PBXNativeTarget "List" */ = {
			isa = XCConfigurationList;
			buildConfigurations = (
				79095C6D21D5AFD400E87CB8 /* Debug */,
				79095C6E21D5AFD400E87CB8 /* Release */,
			);
			defaultConfigurationIsVisible = 0;
			defaultConfigurationName = Release;
		};
		79095C6F21D5AFD400E87CB8 /* Build configuration list for PBXNativeTarget "ListTests" */ = {
			isa = XCConfigurationList;
			buildConfigurations = (
				79095C7021D5AFD400E87CB8 /* Debug */,
				79095C7121D5AFD400E87CB8 /* Release */,
			);
			defaultConfigurationIsVisible = 0;
			defaultConfigurationName = Release;
		};
		79095C7221D5AFD400E87CB8 /* Build configuration list for PBXNativeTarget "ListUITests" */ = {
			isa = XCConfigurationList;
			buildConfigurations = (
				79095C7321D5AFD400E87CB8 /* Debug */,
				79095C7421D5AFD400E87CB8 /* Release */,
			);
			defaultConfigurationIsVisible = 0;
			defaultConfigurationName = Release;
		};
/* End XCConfigurationList section */
	};
	rootObject = 79095C3C21D5AFD400E87CB8 /* Project object */;
}
