// !$*UTF8*$!
{
	archiveVersion = 1;
	classes = {
	};
	objectVersion = 46;
	objects = {

/* Begin PBXBuildFile section */
		1EE87041A49FBCBC5C4CBB65 /* Pods_ListUITests.framework in Frameworks */ = {isa = PBXBuildFile; fileRef = 3617AC546AEE5ED02A029A50 /* Pods_ListUITests.framework */; };
		6415846C123816CAC5AED279 /* Pods_List.framework in Frameworks */ = {isa = PBXBuildFile; fileRef = 421CE69AD0F7D60B918327A8 /* Pods_List.framework */; };
		7902CA0921DEAE4B00BA2B42 /* ComicsViewModelTest.swift in Sources */ = {isa = PBXBuildFile; fileRef = 791F7C9621DDB80C001B281E /* ComicsViewModelTest.swift */; };
		7902CA0A21DEAE8300BA2B42 /* ComicsRepository.swift in Sources */ = {isa = PBXBuildFile; fileRef = 791F7C8021DC4ACB001B281E /* ComicsRepository.swift */; };
		7902CA0B21DEAE8300BA2B42 /* ComicsViewModel.swift in Sources */ = {isa = PBXBuildFile; fileRef = 791F7C8221DC4C08001B281E /* ComicsViewModel.swift */; };
		7902CA0C21DEAE8300BA2B42 /* ComicModel.swift in Sources */ = {isa = PBXBuildFile; fileRef = 791F7C9B21DDD328001B281E /* ComicModel.swift */; };
		7902CA0D21DEAEA300BA2B42 /* ComicsRepositoryMock.swift in Sources */ = {isa = PBXBuildFile; fileRef = 791F7C9921DDBC61001B281E /* ComicsRepositoryMock.swift */; };
		7902CA0E21DEAEEB00BA2B42 /* RxExtensions.swift in Sources */ = {isa = PBXBuildFile; fileRef = 791F7C8621DC4EFD001B281E /* RxExtensions.swift */; };
		7902CA0F21DEAF1200BA2B42 /* ComicService.swift in Sources */ = {isa = PBXBuildFile; fileRef = 79C3ECA921D6D9E5002831BE /* ComicService.swift */; };
		7902CA1021DEAF1200BA2B42 /* Models.swift in Sources */ = {isa = PBXBuildFile; fileRef = 791F7C8B21DC5AED001B281E /* Models.swift */; };
		7902CA1121DEBA6200BA2B42 /* ComicsRepositoryMock.swift in Sources */ = {isa = PBXBuildFile; fileRef = 791F7C9921DDBC61001B281E /* ComicsRepositoryMock.swift */; };
		79095C4821D5AFD400E87CB8 /* AppDelegate.swift in Sources */ = {isa = PBXBuildFile; fileRef = 79095C4721D5AFD400E87CB8 /* AppDelegate.swift */; };
		79095C4A21D5AFD400E87CB8 /* ViewController.swift in Sources */ = {isa = PBXBuildFile; fileRef = 79095C4921D5AFD400E87CB8 /* ViewController.swift */; };
		79095C4D21D5AFD400E87CB8 /* Main.storyboard in Resources */ = {isa = PBXBuildFile; fileRef = 79095C4B21D5AFD400E87CB8 /* Main.storyboard */; };
		79095C4F21D5AFD400E87CB8 /* Assets.xcassets in Resources */ = {isa = PBXBuildFile; fileRef = 79095C4E21D5AFD400E87CB8 /* Assets.xcassets */; };
		79095C5221D5AFD400E87CB8 /* LaunchScreen.storyboard in Resources */ = {isa = PBXBuildFile; fileRef = 79095C5021D5AFD400E87CB8 /* LaunchScreen.storyboard */; };
		79095C5D21D5AFD400E87CB8 /* ListTests.swift in Sources */ = {isa = PBXBuildFile; fileRef = 79095C5C21D5AFD400E87CB8 /* ListTests.swift */; };
		79095C6821D5AFD400E87CB8 /* ListUITests.swift in Sources */ = {isa = PBXBuildFile; fileRef = 79095C6721D5AFD400E87CB8 /* ListUITests.swift */; };
		791F7C8121DC4ACB001B281E /* ComicsRepository.swift in Sources */ = {isa = PBXBuildFile; fileRef = 791F7C8021DC4ACB001B281E /* ComicsRepository.swift */; };
		791F7C8321DC4C08001B281E /* ComicsViewModel.swift in Sources */ = {isa = PBXBuildFile; fileRef = 791F7C8221DC4C08001B281E /* ComicsViewModel.swift */; };
		791F7C8721DC4EFD001B281E /* RxExtensions.swift in Sources */ = {isa = PBXBuildFile; fileRef = 791F7C8621DC4EFD001B281E /* RxExtensions.swift */; };
		791F7C8921DC5329001B281E /* PlainTableViewCell.swift in Sources */ = {isa = PBXBuildFile; fileRef = 791F7C8821DC5329001B281E /* PlainTableViewCell.swift */; };
		791F7C8C21DC5AED001B281E /* Models.swift in Sources */ = {isa = PBXBuildFile; fileRef = 791F7C8B21DC5AED001B281E /* Models.swift */; };
		791F7C9C21DDD328001B281E /* ComicModel.swift in Sources */ = {isa = PBXBuildFile; fileRef = 791F7C9B21DDD328001B281E /* ComicModel.swift */; };
		79C3ECAA21D6D9E5002831BE /* ComicService.swift in Sources */ = {isa = PBXBuildFile; fileRef = 79C3ECA921D6D9E5002831BE /* ComicService.swift */; };
		7E8475EBF98F0A5B91D65EC6 /* Pods_UnitTests.framework in Frameworks */ = {isa = PBXBuildFile; fileRef = 3B22D4746E144B3B3C28D8D2 /* Pods_UnitTests.framework */; };
		B9ADAD967080C7D0E8BAF3AD /* Pods_ListTests.framework in Frameworks */ = {isa = PBXBuildFile; fileRef = 3DC2E227F04DF860238E8944 /* Pods_ListTests.framework */; };
/* End PBXBuildFile section */

/* Begin PBXContainerItemProxy section */
		79095C5921D5AFD400E87CB8 /* PBXContainerItemProxy */ = {
			isa = PBXContainerItemProxy;
			containerPortal = 79095C3C21D5AFD400E87CB8 /* Project object */;
			proxyType = 1;
			remoteGlobalIDString = 79095C4321D5AFD400E87CB8;
			remoteInfo = List;
		};
		79095C6421D5AFD400E87CB8 /* PBXContainerItemProxy */ = {
			isa = PBXContainerItemProxy;
			containerPortal = 79095C3C21D5AFD400E87CB8 /* Project object */;
			proxyType = 1;
			remoteGlobalIDString = 79095C4321D5AFD400E87CB8;
			remoteInfo = List;
		};
/* End PBXContainerItemProxy section */

/* Begin PBXFileReference section */
		26BB9CE4E9AE81324984D028 /* Pods-List.release.xcconfig */ = {isa = PBXFileReference; includeInIndex = 1; lastKnownFileType = text.xcconfig; name = "Pods-List.release.xcconfig"; path = "Pods/Target Support Files/Pods-List/Pods-List.release.xcconfig"; sourceTree = "<group>"; };
		3617AC546AEE5ED02A029A50 /* Pods_ListUITests.framework */ = {isa = PBXFileReference; explicitFileType = wrapper.framework; includeInIndex = 0; path = Pods_ListUITests.framework; sourceTree = BUILT_PRODUCTS_DIR; };
		3B22D4746E144B3B3C28D8D2 /* Pods_UnitTests.framework */ = {isa = PBXFileReference; explicitFileType = wrapper.framework; includeInIndex = 0; path = Pods_UnitTests.framework; sourceTree = BUILT_PRODUCTS_DIR; };
		3DC2E227F04DF860238E8944 /* Pods_ListTests.framework */ = {isa = PBXFileReference; explicitFileType = wrapper.framework; includeInIndex = 0; path = Pods_ListTests.framework; sourceTree = BUILT_PRODUCTS_DIR; };
		421CE69AD0F7D60B918327A8 /* Pods_List.framework */ = {isa = PBXFileReference; explicitFileType = wrapper.framework; includeInIndex = 0; path = Pods_List.framework; sourceTree = BUILT_PRODUCTS_DIR; };
		711E4CB1B3A038FB791D78DB /* Pods-UnitTests.debug.xcconfig */ = {isa = PBXFileReference; includeInIndex = 1; lastKnownFileType = text.xcconfig; name = "Pods-UnitTests.debug.xcconfig"; path = "Pods/Target Support Files/Pods-UnitTests/Pods-UnitTests.debug.xcconfig"; sourceTree = "<group>"; };
		7586AF445C8FF0C3317EAFC3 /* Pods-ListUITests.release.xcconfig */ = {isa = PBXFileReference; includeInIndex = 1; lastKnownFileType = text.xcconfig; name = "Pods-ListUITests.release.xcconfig"; path = "Pods/Target Support Files/Pods-ListUITests/Pods-ListUITests.release.xcconfig"; sourceTree = "<group>"; };
		7776E2573AD6C2C1E9E5F18A /* Pods-ListTests.debug.xcconfig */ = {isa = PBXFileReference; includeInIndex = 1; lastKnownFileType = text.xcconfig; name = "Pods-ListTests.debug.xcconfig"; path = "Pods/Target Support Files/Pods-ListTests/Pods-ListTests.debug.xcconfig"; sourceTree = "<group>"; };
		77AE49869818D416A3F21930 /* Pods-ListTests.release.xcconfig */ = {isa = PBXFileReference; includeInIndex = 1; lastKnownFileType = text.xcconfig; name = "Pods-ListTests.release.xcconfig"; path = "Pods/Target Support Files/Pods-ListTests/Pods-ListTests.release.xcconfig"; sourceTree = "<group>"; };
		7902CA0021DEABFC00BA2B42 /* UnitTests.xctest */ = {isa = PBXFileReference; explicitFileType = wrapper.cfbundle; includeInIndex = 0; path = UnitTests.xctest; sourceTree = BUILT_PRODUCTS_DIR; };
		7902CA0421DEABFC00BA2B42 /* Info.plist */ = {isa = PBXFileReference; lastKnownFileType = text.plist.xml; path = Info.plist; sourceTree = "<group>"; };
		7903A9A821DC2CFA00918931 /* RxAtomic.framework */ = {isa = PBXFileReference; explicitFileType = wrapper.framework; path = RxAtomic.framework; sourceTree = BUILT_PRODUCTS_DIR; };
		7903A9AA21DC2CFA00918931 /* RxCocoa.framework */ = {isa = PBXFileReference; explicitFileType = wrapper.framework; path = RxCocoa.framework; sourceTree = BUILT_PRODUCTS_DIR; };
		7903A9AC21DC2CFA00918931 /* RxOptional.framework */ = {isa = PBXFileReference; explicitFileType = wrapper.framework; path = RxOptional.framework; sourceTree = BUILT_PRODUCTS_DIR; };
		7903A9AE21DC2CFA00918931 /* RxSwift.framework */ = {isa = PBXFileReference; explicitFileType = wrapper.framework; path = RxSwift.framework; sourceTree = BUILT_PRODUCTS_DIR; };
		79095C4421D5AFD400E87CB8 /* List.app */ = {isa = PBXFileReference; explicitFileType = wrapper.application; includeInIndex = 0; path = List.app; sourceTree = BUILT_PRODUCTS_DIR; };
		79095C4721D5AFD400E87CB8 /* AppDelegate.swift */ = {isa = PBXFileReference; lastKnownFileType = sourcecode.swift; path = AppDelegate.swift; sourceTree = "<group>"; };
		79095C4921D5AFD400E87CB8 /* ViewController.swift */ = {isa = PBXFileReference; lastKnownFileType = sourcecode.swift; path = ViewController.swift; sourceTree = "<group>"; };
		79095C4C21D5AFD400E87CB8 /* Base */ = {isa = PBXFileReference; lastKnownFileType = file.storyboard; name = Base; path = Base.lproj/Main.storyboard; sourceTree = "<group>"; };
		79095C4E21D5AFD400E87CB8 /* Assets.xcassets */ = {isa = PBXFileReference; lastKnownFileType = folder.assetcatalog; path = Assets.xcassets; sourceTree = "<group>"; };
		79095C5121D5AFD400E87CB8 /* Base */ = {isa = PBXFileReference; lastKnownFileType = file.storyboard; name = Base; path = Base.lproj/LaunchScreen.storyboard; sourceTree = "<group>"; };
		79095C5321D5AFD400E87CB8 /* Info.plist */ = {isa = PBXFileReference; lastKnownFileType = text.plist.xml; path = Info.plist; sourceTree = "<group>"; };
		79095C5821D5AFD400E87CB8 /* ListTests.xctest */ = {isa = PBXFileReference; explicitFileType = wrapper.cfbundle; includeInIndex = 0; path = ListTests.xctest; sourceTree = BUILT_PRODUCTS_DIR; };
		79095C5C21D5AFD400E87CB8 /* ListTests.swift */ = {isa = PBXFileReference; lastKnownFileType = sourcecode.swift; path = ListTests.swift; sourceTree = "<group>"; };
		79095C5E21D5AFD400E87CB8 /* Info.plist */ = {isa = PBXFileReference; lastKnownFileType = text.plist.xml; path = Info.plist; sourceTree = "<group>"; };
		79095C6321D5AFD400E87CB8 /* ListUITests.xctest */ = {isa = PBXFileReference; explicitFileType = wrapper.cfbundle; includeInIndex = 0; path = ListUITests.xctest; sourceTree = BUILT_PRODUCTS_DIR; };
		79095C6721D5AFD400E87CB8 /* ListUITests.swift */ = {isa = PBXFileReference; lastKnownFileType = sourcecode.swift; path = ListUITests.swift; sourceTree = "<group>"; };
		79095C6921D5AFD400E87CB8 /* Info.plist */ = {isa = PBXFileReference; lastKnownFileType = text.plist.xml; path = Info.plist; sourceTree = "<group>"; };
		791F7C8021DC4ACB001B281E /* ComicsRepository.swift */ = {isa = PBXFileReference; lastKnownFileType = sourcecode.swift; path = ComicsRepository.swift; sourceTree = "<group>"; };
		791F7C8221DC4C08001B281E /* ComicsViewModel.swift */ = {isa = PBXFileReference; lastKnownFileType = sourcecode.swift; path = ComicsViewModel.swift; sourceTree = "<group>"; };
		791F7C8621DC4EFD001B281E /* RxExtensions.swift */ = {isa = PBXFileReference; lastKnownFileType = sourcecode.swift; path = RxExtensions.swift; sourceTree = "<group>"; };
		791F7C8821DC5329001B281E /* PlainTableViewCell.swift */ = {isa = PBXFileReference; lastKnownFileType = sourcecode.swift; path = PlainTableViewCell.swift; sourceTree = "<group>"; };
		791F7C8B21DC5AED001B281E /* Models.swift */ = {isa = PBXFileReference; lastKnownFileType = sourcecode.swift; path = Models.swift; sourceTree = "<group>"; };
		791F7C9221DDB5D4001B281E /* RxSwift.framework */ = {isa = PBXFileReference; explicitFileType = wrapper.framework; path = RxSwift.framework; sourceTree = BUILT_PRODUCTS_DIR; };
		791F7C9621DDB80C001B281E /* ComicsViewModelTest.swift */ = {isa = PBXFileReference; lastKnownFileType = sourcecode.swift; path = ComicsViewModelTest.swift; sourceTree = "<group>"; };
		791F7C9921DDBC61001B281E /* ComicsRepositoryMock.swift */ = {isa = PBXFileReference; lastKnownFileType = sourcecode.swift; path = ComicsRepositoryMock.swift; sourceTree = "<group>"; };
		791F7C9B21DDD328001B281E /* ComicModel.swift */ = {isa = PBXFileReference; lastKnownFileType = sourcecode.swift; path = ComicModel.swift; sourceTree = "<group>"; };
		79C3ECA921D6D9E5002831BE /* ComicService.swift */ = {isa = PBXFileReference; fileEncoding = 4; lastKnownFileType = sourcecode.swift; path = ComicService.swift; sourceTree = "<group>"; };
		A80E01D3A17EE3A9BFDC9039 /* Pods-ListUITests.debug.xcconfig */ = {isa = PBXFileReference; includeInIndex = 1; lastKnownFileType = text.xcconfig; name = "Pods-ListUITests.debug.xcconfig"; path = "Pods/Target Support Files/Pods-ListUITests/Pods-ListUITests.debug.xcconfig"; sourceTree = "<group>"; };
		C3C2132BE824CA5621173FC5 /* Pods-List.debug.xcconfig */ = {isa = PBXFileReference; includeInIndex = 1; lastKnownFileType = text.xcconfig; name = "Pods-List.debug.xcconfig"; path = "Pods/Target Support Files/Pods-List/Pods-List.debug.xcconfig"; sourceTree = "<group>"; };
		FED9FFC5858C3BC0734B61FC /* Pods-UnitTests.release.xcconfig */ = {isa = PBXFileReference; includeInIndex = 1; lastKnownFileType = text.xcconfig; name = "Pods-UnitTests.release.xcconfig"; path = "Pods/Target Support Files/Pods-UnitTests/Pods-UnitTests.release.xcconfig"; sourceTree = "<group>"; };
/* End PBXFileReference section */

/* Begin PBXFrameworksBuildPhase section */
		7902C9FD21DEABFC00BA2B42 /* Frameworks */ = {
			isa = PBXFrameworksBuildPhase;
			buildActionMask = 2147483647;
			files = (
				7E8475EBF98F0A5B91D65EC6 /* Pods_UnitTests.framework in Frameworks */,
			);
			runOnlyForDeploymentPostprocessing = 0;
		};
		79095C4121D5AFD400E87CB8 /* Frameworks */ = {
			isa = PBXFrameworksBuildPhase;
			buildActionMask = 2147483647;
			files = (
				6415846C123816CAC5AED279 /* Pods_List.framework in Frameworks */,
			);
			runOnlyForDeploymentPostprocessing = 0;
		};
		79095C5521D5AFD400E87CB8 /* Frameworks */ = {
			isa = PBXFrameworksBuildPhase;
			buildActionMask = 2147483647;
			files = (
				B9ADAD967080C7D0E8BAF3AD /* Pods_ListTests.framework in Frameworks */,
			);
			runOnlyForDeploymentPostprocessing = 0;
		};
		79095C6021D5AFD400E87CB8 /* Frameworks */ = {
			isa = PBXFrameworksBuildPhase;
			buildActionMask = 2147483647;
			files = (
				1EE87041A49FBCBC5C4CBB65 /* Pods_ListUITests.framework in Frameworks */,
			);
			runOnlyForDeploymentPostprocessing = 0;
		};
/* End PBXFrameworksBuildPhase section */

/* Begin PBXGroup section */
		0B1D153542A6CC865369AE58 /* Pods */ = {
			isa = PBXGroup;
			children = (
				C3C2132BE824CA5621173FC5 /* Pods-List.debug.xcconfig */,
				26BB9CE4E9AE81324984D028 /* Pods-List.release.xcconfig */,
				7776E2573AD6C2C1E9E5F18A /* Pods-ListTests.debug.xcconfig */,
				77AE49869818D416A3F21930 /* Pods-ListTests.release.xcconfig */,
				A80E01D3A17EE3A9BFDC9039 /* Pods-ListUITests.debug.xcconfig */,
				7586AF445C8FF0C3317EAFC3 /* Pods-ListUITests.release.xcconfig */,
				711E4CB1B3A038FB791D78DB /* Pods-UnitTests.debug.xcconfig */,
				FED9FFC5858C3BC0734B61FC /* Pods-UnitTests.release.xcconfig */,
			);
			name = Pods;
			sourceTree = "<group>";
		};
		7902CA0121DEABFC00BA2B42 /* UnitTests */ = {
			isa = PBXGroup;
			children = (
				791F7C9821DDBC3D001B281E /* Mocks */,
				791F7C9621DDB80C001B281E /* ComicsViewModelTest.swift */,
				7902CA0421DEABFC00BA2B42 /* Info.plist */,
			);
			path = UnitTests;
			sourceTree = "<group>";
		};
		79095C3B21D5AFD400E87CB8 = {
			isa = PBXGroup;
			children = (
				79095C4621D5AFD400E87CB8 /* List */,
				79095C5B21D5AFD400E87CB8 /* ListTests */,
				79095C6621D5AFD400E87CB8 /* ListUITests */,
				7902CA0121DEABFC00BA2B42 /* UnitTests */,
				79095C4521D5AFD400E87CB8 /* Products */,
				B8178F477BBE76162658B048 /* Frameworks */,
				0B1D153542A6CC865369AE58 /* Pods */,
			);
			sourceTree = "<group>";
		};
		79095C4521D5AFD400E87CB8 /* Products */ = {
			isa = PBXGroup;
			children = (
				79095C4421D5AFD400E87CB8 /* List.app */,
				79095C5821D5AFD400E87CB8 /* ListTests.xctest */,
				79095C6321D5AFD400E87CB8 /* ListUITests.xctest */,
				7902CA0021DEABFC00BA2B42 /* UnitTests.xctest */,
			);
			name = Products;
			sourceTree = "<group>";
		};
		79095C4621D5AFD400E87CB8 /* List */ = {
			isa = PBXGroup;
			children = (
				791F7C8F21DC5BC0001B281E /* Data */,
				791F7C8A21DC5ACD001B281E /* Models */,
				791F7C8D21DC5B22001B281E /* UI */,
				791F7C8E21DC5B67001B281E /* Util */,
				79095C4721D5AFD400E87CB8 /* AppDelegate.swift */,
				79095C4B21D5AFD400E87CB8 /* Main.storyboard */,
				79095C4E21D5AFD400E87CB8 /* Assets.xcassets */,
				79095C5021D5AFD400E87CB8 /* LaunchScreen.storyboard */,
				79095C5321D5AFD400E87CB8 /* Info.plist */,
			);
			path = List;
			sourceTree = "<group>";
		};
		79095C5B21D5AFD400E87CB8 /* ListTests */ = {
			isa = PBXGroup;
			children = (
				79095C5C21D5AFD400E87CB8 /* ListTests.swift */,
				79095C5E21D5AFD400E87CB8 /* Info.plist */,
			);
			path = ListTests;
			sourceTree = "<group>";
		};
		79095C6621D5AFD400E87CB8 /* ListUITests */ = {
			isa = PBXGroup;
			children = (
				79095C6721D5AFD400E87CB8 /* ListUITests.swift */,
				79095C6921D5AFD400E87CB8 /* Info.plist */,
			);
			path = ListUITests;
			sourceTree = "<group>";
		};
		791F7C8A21DC5ACD001B281E /* Models */ = {
			isa = PBXGroup;
			children = (
				791F7C8B21DC5AED001B281E /* Models.swift */,
			);
			path = Models;
			sourceTree = "<group>";
		};
		791F7C8D21DC5B22001B281E /* UI */ = {
			isa = PBXGroup;
			children = (
				791F7C8221DC4C08001B281E /* ComicsViewModel.swift */,
				791F7C8821DC5329001B281E /* PlainTableViewCell.swift */,
				79095C4921D5AFD400E87CB8 /* ViewController.swift */,
				791F7C9B21DDD328001B281E /* ComicModel.swift */,
			);
			path = UI;
			sourceTree = "<group>";
		};
		791F7C8E21DC5B67001B281E /* Util */ = {
			isa = PBXGroup;
			children = (
				791F7C8621DC4EFD001B281E /* RxExtensions.swift */,
			);
			path = Util;
			sourceTree = "<group>";
		};
		791F7C8F21DC5BC0001B281E /* Data */ = {
			isa = PBXGroup;
			children = (
				79C3ECA921D6D9E5002831BE /* ComicService.swift */,
				791F7C8021DC4ACB001B281E /* ComicsRepository.swift */,
			);
			path = Data;
			sourceTree = "<group>";
		};
		791F7C9821DDBC3D001B281E /* Mocks */ = {
			isa = PBXGroup;
			children = (
				791F7C9921DDBC61001B281E /* ComicsRepositoryMock.swift */,
			);
			path = Mocks;
			sourceTree = "<group>";
		};
		B8178F477BBE76162658B048 /* Frameworks */ = {
			isa = PBXGroup;
			children = (
				791F7C9221DDB5D4001B281E /* RxSwift.framework */,
				7903A9A821DC2CFA00918931 /* RxAtomic.framework */,
				7903A9AA21DC2CFA00918931 /* RxCocoa.framework */,
				7903A9AC21DC2CFA00918931 /* RxOptional.framework */,
				7903A9AE21DC2CFA00918931 /* RxSwift.framework */,
				421CE69AD0F7D60B918327A8 /* Pods_List.framework */,
				3DC2E227F04DF860238E8944 /* Pods_ListTests.framework */,
				3617AC546AEE5ED02A029A50 /* Pods_ListUITests.framework */,
				3B22D4746E144B3B3C28D8D2 /* Pods_UnitTests.framework */,
			);
			name = Frameworks;
			sourceTree = "<group>";
		};
/* End PBXGroup section */

/* Begin PBXNativeTarget section */
		7902C9FF21DEABFC00BA2B42 /* UnitTests */ = {
			isa = PBXNativeTarget;
			buildConfigurationList = 7902CA0721DEABFC00BA2B42 /* Build configuration list for PBXNativeTarget "UnitTests" */;
			buildPhases = (
				4302A88D7CA1DECBBEBB429C /* [CP] Check Pods Manifest.lock */,
				7902C9FC21DEABFC00BA2B42 /* Sources */,
				7902C9FD21DEABFC00BA2B42 /* Frameworks */,
				7902C9FE21DEABFC00BA2B42 /* Resources */,
				AF68C94A40BC53B45C02FFA8 /* [CP] Embed Pods Frameworks */,
			);
			buildRules = (
			);
			dependencies = (
			);
			name = UnitTests;
			productName = UnitTests;
			productReference = 7902CA0021DEABFC00BA2B42 /* UnitTests.xctest */;
			productType = "com.apple.product-type.bundle.unit-test";
		};
		79095C4321D5AFD400E87CB8 /* List */ = {
			isa = PBXNativeTarget;
			buildConfigurationList = 79095C6C21D5AFD400E87CB8 /* Build configuration list for PBXNativeTarget "List" */;
			buildPhases = (
				E985F3478450D2AFAFFAAE4D /* [CP] Check Pods Manifest.lock */,
				79095C4021D5AFD400E87CB8 /* Sources */,
				79095C4121D5AFD400E87CB8 /* Frameworks */,
				79095C4221D5AFD400E87CB8 /* Resources */,
				31C6CA0D70305841922446B6 /* [CP] Embed Pods Frameworks */,
			);
			buildRules = (
			);
			dependencies = (
			);
			name = List;
			productName = List;
			productReference = 79095C4421D5AFD400E87CB8 /* List.app */;
			productType = "com.apple.product-type.application";
		};
		79095C5721D5AFD400E87CB8 /* ListTests */ = {
			isa = PBXNativeTarget;
			buildConfigurationList = 79095C6F21D5AFD400E87CB8 /* Build configuration list for PBXNativeTarget "ListTests" */;
			buildPhases = (
				E6A3618A19A8F2E3071AAD17 /* [CP] Check Pods Manifest.lock */,
				79095C5421D5AFD400E87CB8 /* Sources */,
				79095C5521D5AFD400E87CB8 /* Frameworks */,
				79095C5621D5AFD400E87CB8 /* Resources */,
				906FF0986D62E86D1F730299 /* [CP] Embed Pods Frameworks */,
			);
			buildRules = (
			);
			dependencies = (
				79095C5A21D5AFD400E87CB8 /* PBXTargetDependency */,
			);
			name = ListTests;
			productName = ListTests;
			productReference = 79095C5821D5AFD400E87CB8 /* ListTests.xctest */;
			productType = "com.apple.product-type.bundle.unit-test";
		};
		79095C6221D5AFD400E87CB8 /* ListUITests */ = {
			isa = PBXNativeTarget;
			buildConfigurationList = 79095C7221D5AFD400E87CB8 /* Build configuration list for PBXNativeTarget "ListUITests" */;
			buildPhases = (
				DEB1067888263518E51100FE /* [CP] Check Pods Manifest.lock */,
				79095C5F21D5AFD400E87CB8 /* Sources */,
				79095C6021D5AFD400E87CB8 /* Frameworks */,
				79095C6121D5AFD400E87CB8 /* Resources */,
			);
			buildRules = (
			);
			dependencies = (
				79095C6521D5AFD400E87CB8 /* PBXTargetDependency */,
			);
			name = ListUITests;
			productName = ListUITests;
			productReference = 79095C6321D5AFD400E87CB8 /* ListUITests.xctest */;
			productType = "com.apple.product-type.bundle.ui-testing";
		};
/* End PBXNativeTarget section */

/* Begin PBXProject section */
		79095C3C21D5AFD400E87CB8 /* Project object */ = {
			isa = PBXProject;
			attributes = {
				LastSwiftUpdateCheck = 1010;
				LastUpgradeCheck = 1010;
				ORGANIZATIONNAME = "Emmanuel Ortiguela";
				TargetAttributes = {
					7902C9FF21DEABFC00BA2B42 = {
						CreatedOnToolsVersion = 10.1;
						ProvisioningStyle = Manual;
					};
					79095C4321D5AFD400E87CB8 = {
						CreatedOnToolsVersion = 8.3.3;
						DevelopmentTeam = 3T7784ARRC;
						ProvisioningStyle = Automatic;
					};
					79095C5721D5AFD400E87CB8 = {
						CreatedOnToolsVersion = 8.3.3;
						DevelopmentTeam = 3T7784ARRC;
						ProvisioningStyle = Automatic;
						TestTargetID = 79095C4321D5AFD400E87CB8;
					};
					79095C6221D5AFD400E87CB8 = {
						CreatedOnToolsVersion = 8.3.3;
						DevelopmentTeam = 3T7784ARRC;
						ProvisioningStyle = Automatic;
						TestTargetID = 79095C4321D5AFD400E87CB8;
					};
				};
			};
			buildConfigurationList = 79095C3F21D5AFD400E87CB8 /* Build configuration list for PBXProject "List" */;
			compatibilityVersion = "Xcode 3.2";
			developmentRegion = English;
			hasScannedForEncodings = 0;
			knownRegions = (
				en,
				Base,
			);
			mainGroup = 79095C3B21D5AFD400E87CB8;
			productRefGroup = 79095C4521D5AFD400E87CB8 /* Products */;
			projectDirPath = "";
			projectRoot = "";
			targets = (
				79095C4321D5AFD400E87CB8 /* List */,
				79095C5721D5AFD400E87CB8 /* ListTests */,
				79095C6221D5AFD400E87CB8 /* ListUITests */,
				7902C9FF21DEABFC00BA2B42 /* UnitTests */,
			);
		};
/* End PBXProject section */

/* Begin PBXResourcesBuildPhase section */
		7902C9FE21DEABFC00BA2B42 /* Resources */ = {
			isa = PBXResourcesBuildPhase;
			buildActionMask = 2147483647;
			files = (
			);
			runOnlyForDeploymentPostprocessing = 0;
		};
		79095C4221D5AFD400E87CB8 /* Resources */ = {
			isa = PBXResourcesBuildPhase;
			buildActionMask = 2147483647;
			files = (
				79095C5221D5AFD400E87CB8 /* LaunchScreen.storyboard in Resources */,
				79095C4F21D5AFD400E87CB8 /* Assets.xcassets in Resources */,
				79095C4D21D5AFD400E87CB8 /* Main.storyboard in Resources */,
			);
			runOnlyForDeploymentPostprocessing = 0;
		};
		79095C5621D5AFD400E87CB8 /* Resources */ = {
			isa = PBXResourcesBuildPhase;
			buildActionMask = 2147483647;
			files = (
			);
			runOnlyForDeploymentPostprocessing = 0;
		};
		79095C6121D5AFD400E87CB8 /* Resources */ = {
			isa = PBXResourcesBuildPhase;
			buildActionMask = 2147483647;
			files = (
			);
			runOnlyForDeploymentPostprocessing = 0;
		};
/* End PBXResourcesBuildPhase section */

/* Begin PBXShellScriptBuildPhase section */
		31C6CA0D70305841922446B6 /* [CP] Embed Pods Frameworks */ = {
			isa = PBXShellScriptBuildPhase;
			buildActionMask = 2147483647;
			files = (
			);
			inputFileListPaths = (
			);
			inputPaths = (
				"${SRCROOT}/Pods/Target Support Files/Pods-List/Pods-List-frameworks.sh",
				"${BUILT_PRODUCTS_DIR}/Alamofire-iOS/Alamofire.framework",
				"${BUILT_PRODUCTS_DIR}/RxAlamofire-iOS/RxAlamofire.framework",
				"${BUILT_PRODUCTS_DIR}/RxAtomic-iOS/RxAtomic.framework",
				"${BUILT_PRODUCTS_DIR}/RxCocoa-iOS/RxCocoa.framework",
				"${BUILT_PRODUCTS_DIR}/RxOptional-iOS/RxOptional.framework",
				"${BUILT_PRODUCTS_DIR}/RxSwift-iOS/RxSwift.framework",
			);
			name = "[CP] Embed Pods Frameworks";
			outputFileListPaths = (
			);
			outputPaths = (
				"${TARGET_BUILD_DIR}/${FRAMEWORKS_FOLDER_PATH}/Alamofire.framework",
				"${TARGET_BUILD_DIR}/${FRAMEWORKS_FOLDER_PATH}/RxAlamofire.framework",
				"${TARGET_BUILD_DIR}/${FRAMEWORKS_FOLDER_PATH}/RxAtomic.framework",
				"${TARGET_BUILD_DIR}/${FRAMEWORKS_FOLDER_PATH}/RxCocoa.framework",
				"${TARGET_BUILD_DIR}/${FRAMEWORKS_FOLDER_PATH}/RxOptional.framework",
				"${TARGET_BUILD_DIR}/${FRAMEWORKS_FOLDER_PATH}/RxSwift.framework",
			);
			runOnlyForDeploymentPostprocessing = 0;
			shellPath = /bin/sh;
			shellScript = "\"${SRCROOT}/Pods/Target Support Files/Pods-List/Pods-List-frameworks.sh\"\n";
			showEnvVarsInLog = 0;
		};
		4302A88D7CA1DECBBEBB429C /* [CP] Check Pods Manifest.lock */ = {
			isa = PBXShellScriptBuildPhase;
			buildActionMask = 2147483647;
			files = (
			);
			inputFileListPaths = (
			);
			inputPaths = (
				"${PODS_PODFILE_DIR_PATH}/Podfile.lock",
				"${PODS_ROOT}/Manifest.lock",
			);
			name = "[CP] Check Pods Manifest.lock";
			outputFileListPaths = (
			);
			outputPaths = (
				"$(DERIVED_FILE_DIR)/Pods-UnitTests-checkManifestLockResult.txt",
			);
			runOnlyForDeploymentPostprocessing = 0;
			shellPath = /bin/sh;
			shellScript = "diff \"${PODS_PODFILE_DIR_PATH}/Podfile.lock\" \"${PODS_ROOT}/Manifest.lock\" > /dev/null\nif [ $? != 0 ] ; then\n    # print error to STDERR\n    echo \"error: The sandbox is not in sync with the Podfile.lock. Run 'pod install' or update your CocoaPods installation.\" >&2\n    exit 1\nfi\n# This output is used by Xcode 'outputs' to avoid re-running this script phase.\necho \"SUCCESS\" > \"${SCRIPT_OUTPUT_FILE_0}\"\n";
			showEnvVarsInLog = 0;
		};
		906FF0986D62E86D1F730299 /* [CP] Embed Pods Frameworks */ = {
			isa = PBXShellScriptBuildPhase;
			buildActionMask = 2147483647;
			files = (
			);
			inputFileListPaths = (
			);
			inputPaths = (
				"${SRCROOT}/Pods/Target Support Files/Pods-ListTests/Pods-ListTests-frameworks.sh",
				"${BUILT_PRODUCTS_DIR}/RxAtomic-iOS/RxAtomic.framework",
				"${BUILT_PRODUCTS_DIR}/RxSwift-iOS/RxSwift.framework",
				"${BUILT_PRODUCTS_DIR}/RxBlocking-iOS/RxBlocking.framework",
				"${BUILT_PRODUCTS_DIR}/RxTest-iOS/RxTest.framework",
			);
			name = "[CP] Embed Pods Frameworks";
			outputFileListPaths = (
			);
			outputPaths = (
				"${TARGET_BUILD_DIR}/${FRAMEWORKS_FOLDER_PATH}/RxAtomic.framework",
				"${TARGET_BUILD_DIR}/${FRAMEWORKS_FOLDER_PATH}/RxSwift.framework",
				"${TARGET_BUILD_DIR}/${FRAMEWORKS_FOLDER_PATH}/RxBlocking.framework",
				"${TARGET_BUILD_DIR}/${FRAMEWORKS_FOLDER_PATH}/RxTest.framework",
			);
			runOnlyForDeploymentPostprocessing = 0;
			shellPath = /bin/sh;
			shellScript = "\"${SRCROOT}/Pods/Target Support Files/Pods-ListTests/Pods-ListTests-frameworks.sh\"\n";
			showEnvVarsInLog = 0;
		};
		AF68C94A40BC53B45C02FFA8 /* [CP] Embed Pods Frameworks */ = {
			isa = PBXShellScriptBuildPhase;
			buildActionMask = 2147483647;
			files = (
			);
			inputFileListPaths = (
			);
			inputPaths = (
				"${SRCROOT}/Pods/Target Support Files/Pods-UnitTests/Pods-UnitTests-frameworks.sh",
				"${BUILT_PRODUCTS_DIR}/Alamofire-macOS/Alamofire.framework",
				"${BUILT_PRODUCTS_DIR}/RxAlamofire-macOS/RxAlamofire.framework",
				"${BUILT_PRODUCTS_DIR}/RxAtomic-macOS/RxAtomic.framework",
				"${BUILT_PRODUCTS_DIR}/RxCocoa-macOS/RxCocoa.framework",
				"${BUILT_PRODUCTS_DIR}/RxOptional-macOS/RxOptional.framework",
				"${BUILT_PRODUCTS_DIR}/RxSwift-macOS/RxSwift.framework",
				"${BUILT_PRODUCTS_DIR}/RxBlocking-macOS/RxBlocking.framework",
				"${BUILT_PRODUCTS_DIR}/RxTest-macOS/RxTest.framework",
			);
			name = "[CP] Embed Pods Frameworks";
			outputFileListPaths = (
			);
			outputPaths = (
				"${TARGET_BUILD_DIR}/${FRAMEWORKS_FOLDER_PATH}/Alamofire.framework",
				"${TARGET_BUILD_DIR}/${FRAMEWORKS_FOLDER_PATH}/RxAlamofire.framework",
				"${TARGET_BUILD_DIR}/${FRAMEWORKS_FOLDER_PATH}/RxAtomic.framework",
				"${TARGET_BUILD_DIR}/${FRAMEWORKS_FOLDER_PATH}/RxCocoa.framework",
				"${TARGET_BUILD_DIR}/${FRAMEWORKS_FOLDER_PATH}/RxOptional.framework",
				"${TARGET_BUILD_DIR}/${FRAMEWORKS_FOLDER_PATH}/RxSwift.framework",
				"${TARGET_BUILD_DIR}/${FRAMEWORKS_FOLDER_PATH}/RxBlocking.framework",
				"${TARGET_BUILD_DIR}/${FRAMEWORKS_FOLDER_PATH}/RxTest.framework",
			);
			runOnlyForDeploymentPostprocessing = 0;
			shellPath = /bin/sh;
			shellScript = "\"${SRCROOT}/Pods/Target Support Files/Pods-UnitTests/Pods-UnitTests-frameworks.sh\"\n";
			showEnvVarsInLog = 0;
		};
		DEB1067888263518E51100FE /* [CP] Check Pods Manifest.lock */ = {
			isa = PBXShellScriptBuildPhase;
			buildActionMask = 2147483647;
			files = (
			);
			inputFileListPaths = (
			);
			inputPaths = (
				"${PODS_PODFILE_DIR_PATH}/Podfile.lock",
				"${PODS_ROOT}/Manifest.lock",
			);
			name = "[CP] Check Pods Manifest.lock";
			outputFileListPaths = (
			);
			outputPaths = (
				"$(DERIVED_FILE_DIR)/Pods-ListUITests-checkManifestLockResult.txt",
			);
			runOnlyForDeploymentPostprocessing = 0;
			shellPath = /bin/sh;
			shellScript = "diff \"${PODS_PODFILE_DIR_PATH}/Podfile.lock\" \"${PODS_ROOT}/Manifest.lock\" > /dev/null\nif [ $? != 0 ] ; then\n    # print error to STDERR\n    echo \"error: The sandbox is not in sync with the Podfile.lock. Run 'pod install' or update your CocoaPods installation.\" >&2\n    exit 1\nfi\n# This output is used by Xcode 'outputs' to avoid re-running this script phase.\necho \"SUCCESS\" > \"${SCRIPT_OUTPUT_FILE_0}\"\n";
			showEnvVarsInLog = 0;
		};
		E6A3618A19A8F2E3071AAD17 /* [CP] Check Pods Manifest.lock */ = {
			isa = PBXShellScriptBuildPhase;
			buildActionMask = 2147483647;
			files = (
			);
			inputFileListPaths = (
			);
			inputPaths = (
				"${PODS_PODFILE_DIR_PATH}/Podfile.lock",
				"${PODS_ROOT}/Manifest.lock",
			);
			name = "[CP] Check Pods Manifest.lock";
			outputFileListPaths = (
			);
			outputPaths = (
				"$(DERIVED_FILE_DIR)/Pods-ListTests-checkManifestLockResult.txt",
			);
			runOnlyForDeploymentPostprocessing = 0;
			shellPath = /bin/sh;
			shellScript = "diff \"${PODS_PODFILE_DIR_PATH}/Podfile.lock\" \"${PODS_ROOT}/Manifest.lock\" > /dev/null\nif [ $? != 0 ] ; then\n    # print error to STDERR\n    echo \"error: The sandbox is not in sync with the Podfile.lock. Run 'pod install' or update your CocoaPods installation.\" >&2\n    exit 1\nfi\n# This output is used by Xcode 'outputs' to avoid re-running this script phase.\necho \"SUCCESS\" > \"${SCRIPT_OUTPUT_FILE_0}\"\n";
			showEnvVarsInLog = 0;
		};
		E985F3478450D2AFAFFAAE4D /* [CP] Check Pods Manifest.lock */ = {
			isa = PBXShellScriptBuildPhase;
			buildActionMask = 2147483647;
			files = (
			);
			inputFileListPaths = (
			);
			inputPaths = (
				"${PODS_PODFILE_DIR_PATH}/Podfile.lock",
				"${PODS_ROOT}/Manifest.lock",
			);
			name = "[CP] Check Pods Manifest.lock";
			outputFileListPaths = (
			);
			outputPaths = (
				"$(DERIVED_FILE_DIR)/Pods-List-checkManifestLockResult.txt",
			);
			runOnlyForDeploymentPostprocessing = 0;
			shellPath = /bin/sh;
			shellScript = "diff \"${PODS_PODFILE_DIR_PATH}/Podfile.lock\" \"${PODS_ROOT}/Manifest.lock\" > /dev/null\nif [ $? != 0 ] ; then\n    # print error to STDERR\n    echo \"error: The sandbox is not in sync with the Podfile.lock. Run 'pod install' or update your CocoaPods installation.\" >&2\n    exit 1\nfi\n# This output is used by Xcode 'outputs' to avoid re-running this script phase.\necho \"SUCCESS\" > \"${SCRIPT_OUTPUT_FILE_0}\"\n";
			showEnvVarsInLog = 0;
		};
/* End PBXShellScriptBuildPhase section */

/* Begin PBXSourcesBuildPhase section */
		7902C9FC21DEABFC00BA2B42 /* Sources */ = {
			isa = PBXSourcesBuildPhase;
			buildActionMask = 2147483647;
			files = (
				7902CA0F21DEAF1200BA2B42 /* ComicService.swift in Sources */,
				7902CA1021DEAF1200BA2B42 /* Models.swift in Sources */,
				7902CA0E21DEAEEB00BA2B42 /* RxExtensions.swift in Sources */,
				7902CA0D21DEAEA300BA2B42 /* ComicsRepositoryMock.swift in Sources */,
				7902CA0A21DEAE8300BA2B42 /* ComicsRepository.swift in Sources */,
				7902CA0B21DEAE8300BA2B42 /* ComicsViewModel.swift in Sources */,
				7902CA0C21DEAE8300BA2B42 /* ComicModel.swift in Sources */,
				7902CA0921DEAE4B00BA2B42 /* ComicsViewModelTest.swift in Sources */,
			);
			runOnlyForDeploymentPostprocessing = 0;
		};
		79095C4021D5AFD400E87CB8 /* Sources */ = {
			isa = PBXSourcesBuildPhase;
			buildActionMask = 2147483647;
			files = (
				791F7C8321DC4C08001B281E /* ComicsViewModel.swift in Sources */,
				791F7C8121DC4ACB001B281E /* ComicsRepository.swift in Sources */,
				79095C4A21D5AFD400E87CB8 /* ViewController.swift in Sources */,
				791F7C8C21DC5AED001B281E /* Models.swift in Sources */,
				791F7C8921DC5329001B281E /* PlainTableViewCell.swift in Sources */,
				791F7C9C21DDD328001B281E /* ComicModel.swift in Sources */,
				79C3ECAA21D6D9E5002831BE /* ComicService.swift in Sources */,
				79095C4821D5AFD400E87CB8 /* AppDelegate.swift in Sources */,
				791F7C8721DC4EFD001B281E /* RxExtensions.swift in Sources */,
			);
			runOnlyForDeploymentPostprocessing = 0;
		};
		79095C5421D5AFD400E87CB8 /* Sources */ = {
			isa = PBXSourcesBuildPhase;
			buildActionMask = 2147483647;
			files = (
				7902CA1121DEBA6200BA2B42 /* ComicsRepositoryMock.swift in Sources */,
				79095C5D21D5AFD400E87CB8 /* ListTests.swift in Sources */,
			);
			runOnlyForDeploymentPostprocessing = 0;
		};
		79095C5F21D5AFD400E87CB8 /* Sources */ = {
			isa = PBXSourcesBuildPhase;
			buildActionMask = 2147483647;
			files = (
				79095C6821D5AFD400E87CB8 /* ListUITests.swift in Sources */,
			);
			runOnlyForDeploymentPostprocessing = 0;
		};
/* End PBXSourcesBuildPhase section */

/* Begin PBXTargetDependency section */
		79095C5A21D5AFD400E87CB8 /* PBXTargetDependency */ = {
			isa = PBXTargetDependency;
			target = 79095C4321D5AFD400E87CB8 /* List */;
			targetProxy = 79095C5921D5AFD400E87CB8 /* PBXContainerItemProxy */;
		};
		79095C6521D5AFD400E87CB8 /* PBXTargetDependency */ = {
			isa = PBXTargetDependency;
			target = 79095C4321D5AFD400E87CB8 /* List */;
			targetProxy = 79095C6421D5AFD400E87CB8 /* PBXContainerItemProxy */;
		};
/* End PBXTargetDependency section */

/* Begin PBXVariantGroup section */
		79095C4B21D5AFD400E87CB8 /* Main.storyboard */ = {
			isa = PBXVariantGroup;
			children = (
				79095C4C21D5AFD400E87CB8 /* Base */,
			);
			name = Main.storyboard;
			sourceTree = "<group>";
		};
		79095C5021D5AFD400E87CB8 /* LaunchScreen.storyboard */ = {
			isa = PBXVariantGroup;
			children = (
				79095C5121D5AFD400E87CB8 /* Base */,
			);
			name = LaunchScreen.storyboard;
			sourceTree = "<group>";
		};
/* End PBXVariantGroup section */

/* Begin XCBuildConfiguration section */
		7902CA0521DEABFC00BA2B42 /* Debug */ = {
			isa = XCBuildConfiguration;
			baseConfigurationReference = 711E4CB1B3A038FB791D78DB /* Pods-UnitTests.debug.xcconfig */;
			buildSettings = {
				CLANG_CXX_LANGUAGE_STANDARD = "gnu++14";
				CLANG_ENABLE_OBJC_WEAK = YES;
				CLANG_WARN_UNGUARDED_AVAILABILITY = YES_AGGRESSIVE;
				CODE_SIGN_IDENTITY = "Mac Developer";
				CODE_SIGN_STYLE = Manual;
				COMBINE_HIDPI_IMAGES = YES;
				DEVELOPMENT_TEAM = "";
				EXPANDED_CODE_SIGN_IDENTITY = "-";
				EXPANDED_CODE_SIGN_IDENTITY_NAME = "-";
				GCC_C_LANGUAGE_STANDARD = gnu11;
				INFOPLIST_FILE = UnitTests/Info.plist;
				LD_RUNPATH_SEARCH_PATHS = "$(inherited) @executable_path/../Frameworks @loader_path/../Frameworks";
				MACOSX_DEPLOYMENT_TARGET = 10.13;
				MTL_ENABLE_DEBUG_INFO = INCLUDE_SOURCE;
				MTL_FAST_MATH = YES;
				PRODUCT_BUNDLE_IDENTIFIER = me.emmano.UnitTests;
				PRODUCT_NAME = "$(TARGET_NAME)";
				PROVISIONING_PROFILE_SPECIFIER = "";
				SDKROOT = macosx;
				SWIFT_VERSION = 4.2;
			};
			name = Debug;
		};
		7902CA0621DEABFC00BA2B42 /* Release */ = {
			isa = XCBuildConfiguration;
			baseConfigurationReference = FED9FFC5858C3BC0734B61FC /* Pods-UnitTests.release.xcconfig */;
			buildSettings = {
				CLANG_CXX_LANGUAGE_STANDARD = "gnu++14";
				CLANG_ENABLE_OBJC_WEAK = YES;
				CLANG_WARN_UNGUARDED_AVAILABILITY = YES_AGGRESSIVE;
				CODE_SIGN_IDENTITY = "Mac Developer";
				CODE_SIGN_STYLE = Manual;
				COMBINE_HIDPI_IMAGES = YES;
				DEVELOPMENT_TEAM = "";
				EXPANDED_CODE_SIGN_IDENTITY = "-";
				EXPANDED_CODE_SIGN_IDENTITY_NAME = "-";
				GCC_C_LANGUAGE_STANDARD = gnu11;
				INFOPLIST_FILE = UnitTests/Info.plist;
				LD_RUNPATH_SEARCH_PATHS = "$(inherited) @executable_path/../Frameworks @loader_path/../Frameworks";
				MACOSX_DEPLOYMENT_TARGET = 10.13;
				MTL_FAST_MATH = YES;
				PRODUCT_BUNDLE_IDENTIFIER = me.emmano.UnitTests;
				PRODUCT_NAME = "$(TARGET_NAME)";
				PROVISIONING_PROFILE_SPECIFIER = "";
				SDKROOT = macosx;
				SWIFT_VERSION = 4.2;
			};
			name = Release;
		};
		79095C6A21D5AFD400E87CB8 /* Debug */ = {
			isa = XCBuildConfiguration;
			buildSettings = {
				ALWAYS_SEARCH_USER_PATHS = NO;
				CLANG_ANALYZER_NONNULL = YES;
				CLANG_ANALYZER_NUMBER_OBJECT_CONVERSION = YES_AGGRESSIVE;
				CLANG_CXX_LANGUAGE_STANDARD = "gnu++0x";
				CLANG_CXX_LIBRARY = "libc++";
				CLANG_ENABLE_MODULES = YES;
				CLANG_ENABLE_OBJC_ARC = YES;
				CLANG_WARN_BLOCK_CAPTURE_AUTORELEASING = YES;
				CLANG_WARN_BOOL_CONVERSION = YES;
				CLANG_WARN_COMMA = YES;
				CLANG_WARN_CONSTANT_CONVERSION = YES;
				CLANG_WARN_DEPRECATED_OBJC_IMPLEMENTATIONS = YES;
				CLANG_WARN_DIRECT_OBJC_ISA_USAGE = YES_ERROR;
				CLANG_WARN_DOCUMENTATION_COMMENTS = YES;
				CLANG_WARN_EMPTY_BODY = YES;
				CLANG_WARN_ENUM_CONVERSION = YES;
				CLANG_WARN_INFINITE_RECURSION = YES;
				CLANG_WARN_INT_CONVERSION = YES;
				CLANG_WARN_NON_LITERAL_NULL_CONVERSION = YES;
				CLANG_WARN_OBJC_IMPLICIT_RETAIN_SELF = YES;
				CLANG_WARN_OBJC_LITERAL_CONVERSION = YES;
				CLANG_WARN_OBJC_ROOT_CLASS = YES_ERROR;
				CLANG_WARN_RANGE_LOOP_ANALYSIS = YES;
				CLANG_WARN_STRICT_PROTOTYPES = YES;
				CLANG_WARN_SUSPICIOUS_MOVE = YES;
				CLANG_WARN_UNREACHABLE_CODE = YES;
				CLANG_WARN__DUPLICATE_METHOD_MATCH = YES;
				"CODE_SIGN_IDENTITY[sdk=iphoneos*]" = "iPhone Developer";
				COPY_PHASE_STRIP = NO;
				DEBUG_INFORMATION_FORMAT = dwarf;
				ENABLE_STRICT_OBJC_MSGSEND = YES;
				ENABLE_TESTABILITY = YES;
				GCC_C_LANGUAGE_STANDARD = gnu99;
				GCC_DYNAMIC_NO_PIC = NO;
				GCC_NO_COMMON_BLOCKS = YES;
				GCC_OPTIMIZATION_LEVEL = 0;
				GCC_PREPROCESSOR_DEFINITIONS = (
					"DEBUG=1",
					"$(inherited)",
				);
				GCC_WARN_64_TO_32_BIT_CONVERSION = YES;
				GCC_WARN_ABOUT_RETURN_TYPE = YES_ERROR;
				GCC_WARN_UNDECLARED_SELECTOR = YES;
				GCC_WARN_UNINITIALIZED_AUTOS = YES_AGGRESSIVE;
				GCC_WARN_UNUSED_FUNCTION = YES;
				GCC_WARN_UNUSED_VARIABLE = YES;
				IPHONEOS_DEPLOYMENT_TARGET = 12.1;
				MTL_ENABLE_DEBUG_INFO = YES;
				ONLY_ACTIVE_ARCH = YES;
				SDKROOT = iphoneos;
				SWIFT_ACTIVE_COMPILATION_CONDITIONS = DEBUG;
				SWIFT_OPTIMIZATION_LEVEL = "-Onone";
				SWIFT_VERSION = 4.2;
				TARGETED_DEVICE_FAMILY = "1,2";
			};
			name = Debug;
		};
		79095C6B21D5AFD400E87CB8 /* Release */ = {
			isa = XCBuildConfiguration;
			buildSettings = {
				ALWAYS_SEARCH_USER_PATHS = NO;
				CLANG_ANALYZER_NONNULL = YES;
				CLANG_ANALYZER_NUMBER_OBJECT_CONVERSION = YES_AGGRESSIVE;
				CLANG_CXX_LANGUAGE_STANDARD = "gnu++0x";
				CLANG_CXX_LIBRARY = "libc++";
				CLANG_ENABLE_MODULES = YES;
				CLANG_ENABLE_OBJC_ARC = YES;
				CLANG_WARN_BLOCK_CAPTURE_AUTORELEASING = YES;
				CLANG_WARN_BOOL_CONVERSION = YES;
				CLANG_WARN_COMMA = YES;
				CLANG_WARN_CONSTANT_CONVERSION = YES;
				CLANG_WARN_DEPRECATED_OBJC_IMPLEMENTATIONS = YES;
				CLANG_WARN_DIRECT_OBJC_ISA_USAGE = YES_ERROR;
				CLANG_WARN_DOCUMENTATION_COMMENTS = YES;
				CLANG_WARN_EMPTY_BODY = YES;
				CLANG_WARN_ENUM_CONVERSION = YES;
				CLANG_WARN_INFINITE_RECURSION = YES;
				CLANG_WARN_INT_CONVERSION = YES;
				CLANG_WARN_NON_LITERAL_NULL_CONVERSION = YES;
				CLANG_WARN_OBJC_IMPLICIT_RETAIN_SELF = YES;
				CLANG_WARN_OBJC_LITERAL_CONVERSION = YES;
				CLANG_WARN_OBJC_ROOT_CLASS = YES_ERROR;
				CLANG_WARN_RANGE_LOOP_ANALYSIS = YES;
				CLANG_WARN_STRICT_PROTOTYPES = YES;
				CLANG_WARN_SUSPICIOUS_MOVE = YES;
				CLANG_WARN_UNREACHABLE_CODE = YES;
				CLANG_WARN__DUPLICATE_METHOD_MATCH = YES;
				"CODE_SIGN_IDENTITY[sdk=iphoneos*]" = "iPhone Developer";
				COPY_PHASE_STRIP = NO;
				DEBUG_INFORMATION_FORMAT = "dwarf-with-dsym";
				ENABLE_NS_ASSERTIONS = NO;
				ENABLE_STRICT_OBJC_MSGSEND = YES;
				GCC_C_LANGUAGE_STANDARD = gnu99;
				GCC_NO_COMMON_BLOCKS = YES;
				GCC_WARN_64_TO_32_BIT_CONVERSION = YES;
				GCC_WARN_ABOUT_RETURN_TYPE = YES_ERROR;
				GCC_WARN_UNDECLARED_SELECTOR = YES;
				GCC_WARN_UNINITIALIZED_AUTOS = YES_AGGRESSIVE;
				GCC_WARN_UNUSED_FUNCTION = YES;
				GCC_WARN_UNUSED_VARIABLE = YES;
				IPHONEOS_DEPLOYMENT_TARGET = 12.1;
				MTL_ENABLE_DEBUG_INFO = NO;
				SDKROOT = iphoneos;
				SWIFT_OPTIMIZATION_LEVEL = "-Owholemodule";
				SWIFT_VERSION = 4.2;
				TARGETED_DEVICE_FAMILY = "1,2";
				VALIDATE_PRODUCT = YES;
			};
			name = Release;
		};
		79095C6D21D5AFD400E87CB8 /* Debug */ = {
			isa = XCBuildConfiguration;
			baseConfigurationReference = C3C2132BE824CA5621173FC5 /* Pods-List.debug.xcconfig */;
			buildSettings = {
				ASSETCATALOG_COMPILER_APPICON_NAME = AppIcon;
				DEVELOPMENT_TEAM = 3T7784ARRC;
				FRAMEWORK_SEARCH_PATHS = "${inherited}";
				INFOPLIST_FILE = List/Info.plist;
				IPHONEOS_DEPLOYMENT_TARGET = 12.1;
				LD_RUNPATH_SEARCH_PATHS = "$(inherited) @executable_path/Frameworks";
				LIBRARY_SEARCH_PATHS = "${inherited}";
				PRODUCT_BUNDLE_IDENTIFIER = me.emmano.List;
				PRODUCT_NAME = "$(TARGET_NAME)";
				SWIFT_VERSION = 4.2;
			};
			name = Debug;
		};
		79095C6E21D5AFD400E87CB8 /* Release */ = {
			isa = XCBuildConfiguration;
			baseConfigurationReference = 26BB9CE4E9AE81324984D028 /* Pods-List.release.xcconfig */;
			buildSettings = {
				ASSETCATALOG_COMPILER_APPICON_NAME = AppIcon;
				DEVELOPMENT_TEAM = 3T7784ARRC;
				FRAMEWORK_SEARCH_PATHS = "${inherited}";
				INFOPLIST_FILE = List/Info.plist;
				IPHONEOS_DEPLOYMENT_TARGET = 12.1;
				LD_RUNPATH_SEARCH_PATHS = "$(inherited) @executable_path/Frameworks";
				LIBRARY_SEARCH_PATHS = "${inherited}";
				PRODUCT_BUNDLE_IDENTIFIER = me.emmano.List;
				PRODUCT_NAME = "$(TARGET_NAME)";
				SWIFT_VERSION = 4.2;
			};
			name = Release;
		};
		79095C7021D5AFD400E87CB8 /* Debug */ = {
			isa = XCBuildConfiguration;
			baseConfigurationReference = 7776E2573AD6C2C1E9E5F18A /* Pods-ListTests.debug.xcconfig */;
			buildSettings = {
				ALWAYS_EMBED_SWIFT_STANDARD_LIBRARIES = YES;
				BUNDLE_LOADER = "$(TEST_HOST)";
				DEVELOPMENT_TEAM = 3T7784ARRC;
				FRAMEWORK_SEARCH_PATHS = "${inherited}";
				INFOPLIST_FILE = ListTests/Info.plist;
				LD_RUNPATH_SEARCH_PATHS = "$(inherited) @executable_path/Frameworks @loader_path/Frameworks";
				PRODUCT_BUNDLE_IDENTIFIER = me.emmano.ListTests;
				PRODUCT_NAME = "$(TARGET_NAME)";
				SWIFT_VERSION = 4.2;
				TEST_HOST = "$(BUILT_PRODUCTS_DIR)/List.app/List";
			};
			name = Debug;
		};
		79095C7121D5AFD400E87CB8 /* Release */ = {
			isa = XCBuildConfiguration;
			baseConfigurationReference = 77AE49869818D416A3F21930 /* Pods-ListTests.release.xcconfig */;
			buildSettings = {
				ALWAYS_EMBED_SWIFT_STANDARD_LIBRARIES = YES;
				BUNDLE_LOADER = "$(TEST_HOST)";
				DEVELOPMENT_TEAM = 3T7784ARRC;
				FRAMEWORK_SEARCH_PATHS = "";
				INFOPLIST_FILE = ListTests/Info.plist;
				LD_RUNPATH_SEARCH_PATHS = "$(inherited) @executable_path/Frameworks @loader_path/Frameworks";
				PRODUCT_BUNDLE_IDENTIFIER = me.emmano.ListTests;
				PRODUCT_NAME = "$(TARGET_NAME)";
				SWIFT_VERSION = 4.2;
				TEST_HOST = "$(BUILT_PRODUCTS_DIR)/List.app/List";
			};
			name = Release;
		};
		79095C7321D5AFD400E87CB8 /* Debug */ = {
			isa = XCBuildConfiguration;
			baseConfigurationReference = A80E01D3A17EE3A9BFDC9039 /* Pods-ListUITests.debug.xcconfig */;
			buildSettings = {
				ALWAYS_EMBED_SWIFT_STANDARD_LIBRARIES = YES;
				DEVELOPMENT_TEAM = 3T7784ARRC;
				FRAMEWORK_SEARCH_PATHS = "";
				INFOPLIST_FILE = ListUITests/Info.plist;
				LD_RUNPATH_SEARCH_PATHS = "$(inherited) @executable_path/Frameworks @loader_path/Frameworks";
				PRODUCT_BUNDLE_IDENTIFIER = me.emmano.ListUITests;
				PRODUCT_NAME = "$(TARGET_NAME)";
				SWIFT_VERSION = 4.2;
				TEST_TARGET_NAME = List;
			};
			name = Debug;
		};
		79095C7421D5AFD400E87CB8 /* Release */ = {
			isa = XCBuildConfiguration;
			baseConfigurationReference = 7586AF445C8FF0C3317EAFC3 /* Pods-ListUITests.release.xcconfig */;
			buildSettings = {
				ALWAYS_EMBED_SWIFT_STANDARD_LIBRARIES = YES;
				DEVELOPMENT_TEAM = 3T7784ARRC;
				FRAMEWORK_SEARCH_PATHS = "";
				INFOPLIST_FILE = ListUITests/Info.plist;
				LD_RUNPATH_SEARCH_PATHS = "$(inherited) @executable_path/Frameworks @loader_path/Frameworks";
				PRODUCT_BUNDLE_IDENTIFIER = me.emmano.ListUITests;
				PRODUCT_NAME = "$(TARGET_NAME)";
				SWIFT_VERSION = 4.2;
				TEST_TARGET_NAME = List;
			};
			name = Release;
		};
/* End XCBuildConfiguration section */

/* Begin XCConfigurationList section */
		7902CA0721DEABFC00BA2B42 /* Build configuration list for PBXNativeTarget "UnitTests" */ = {
			isa = XCConfigurationList;
			buildConfigurations = (
				7902CA0521DEABFC00BA2B42 /* Debug */,
				7902CA0621DEABFC00BA2B42 /* Release */,
			);
			defaultConfigurationIsVisible = 0;
			defaultConfigurationName = Release;
		};
		79095C3F21D5AFD400E87CB8 /* Build configuration list for PBXProject "List" */ = {
			isa = XCConfigurationList;
			buildConfigurations = (
				79095C6A21D5AFD400E87CB8 /* Debug */,
				79095C6B21D5AFD400E87CB8 /* Release */,
			);
			defaultConfigurationIsVisible = 0;
			defaultConfigurationName = Release;
		};
		79095C6C21D5AFD400E87CB8 /* Build configuration list for PBXNativeTarget "List" */ = {
			isa = XCConfigurationList;
			buildConfigurations = (
				79095C6D21D5AFD400E87CB8 /* Debug */,
				79095C6E21D5AFD400E87CB8 /* Release */,
			);
			defaultConfigurationIsVisible = 0;
			defaultConfigurationName = Release;
		};
		79095C6F21D5AFD400E87CB8 /* Build configuration list for PBXNativeTarget "ListTests" */ = {
			isa = XCConfigurationList;
			buildConfigurations = (
				79095C7021D5AFD400E87CB8 /* Debug */,
				79095C7121D5AFD400E87CB8 /* Release */,
			);
			defaultConfigurationIsVisible = 0;
			defaultConfigurationName = Release;
		};
		79095C7221D5AFD400E87CB8 /* Build configuration list for PBXNativeTarget "ListUITests" */ = {
			isa = XCConfigurationList;
			buildConfigurations = (
				79095C7321D5AFD400E87CB8 /* Debug */,
				79095C7421D5AFD400E87CB8 /* Release */,
			);
			defaultConfigurationIsVisible = 0;
			defaultConfigurationName = Release;
		};
/* End XCConfigurationList section */
	};
	rootObject = 79095C3C21D5AFD400E87CB8 /* Project object */;
}
